// !$*UTF8*$!
{
	archiveVersion = 1;
	classes = {
	};
	objectVersion = 77;
	objects = {

/* Begin PBXBuildFile section */
		016D35514BB1473DC80D2B7D /* TranslationSheet.swift in Sources */ = {isa = PBXBuildFile; fileRef = C5478EA34C7C58154425C0AF /* TranslationSheet.swift */; };
		0286697DC612D8D5409AE604 /* LoadingOverlay.swift in Sources */ = {isa = PBXBuildFile; fileRef = 07E34D0D4B58C307DCC0B622 /* LoadingOverlay.swift */; };
		02D842519704BF5382D4917F /* PDFReaderUITests.swift in Sources */ = {isa = PBXBuildFile; fileRef = A71A417C7DD4484C45ED2DDB /* PDFReaderUITests.swift */; };
		02E11AE51AF1A39895F6FE1E /* TranslationBackendClientTests.swift in Sources */ = {isa = PBXBuildFile; fileRef = B66ED57B805387E39771FA1B /* TranslationBackendClientTests.swift */; };
		03A95805D577A37F35F9B476 /* SettingsStoreOnboardingTests.swift in Sources */ = {isa = PBXBuildFile; fileRef = 9618E5D60FFF19AD79A907DF /* SettingsStoreOnboardingTests.swift */; };
		05D7FEE3F7C32DBB4446E87F /* Spacing.swift in Sources */ = {isa = PBXBuildFile; fileRef = D923E918FA4372E29AEFB313 /* Spacing.swift */; };
		08529777A1B83AAF22317655 /* ReaderStyle.swift in Sources */ = {isa = PBXBuildFile; fileRef = A12EBFC8F29368E79EF5A394 /* ReaderStyle.swift */; };
		0CF725BEA87F9BF7801C19C7 /* PageCurl.metal in Sources */ = {isa = PBXBuildFile; fileRef = E1A6FE9867A998CF6B1A49EF /* PageCurl.metal */; };
		0D9248F7C5E6F544CCE64574 /* LibraryView.swift in Sources */ = {isa = PBXBuildFile; fileRef = 7605BEA0A25C671DB4F3A74E /* LibraryView.swift */; };
		0F4F4C9B383AD847003DF69B /* TranslationStoreTests.swift in Sources */ = {isa = PBXBuildFile; fileRef = 935636378A69FC52051C2E8A /* TranslationStoreTests.swift */; };
		11074FA01D08AF5038A3E921 /* Typography.swift in Sources */ = {isa = PBXBuildFile; fileRef = 1E14E413519C6AB9EC89C454 /* Typography.swift */; };
		110BEE6DC77CC22F55AAFDDA /* PDFImporterTests.swift in Sources */ = {isa = PBXBuildFile; fileRef = D359957F32B4177FF7B4A6A2 /* PDFImporterTests.swift */; };
		16DEF934575B9875AC377976 /* alice-wonderland-standard-en.epub in Resources */ = {isa = PBXBuildFile; fileRef = 629BD195E75EF83F623C0BF6 /* alice-wonderland-standard-en.epub */; };
		1885A21DC9DB7E5A639FC484 /* alice-wonderland-en.epub in Resources */ = {isa = PBXBuildFile; fileRef = 9AF8A100A2EFC24FF336A12D /* alice-wonderland-en.epub */; };
		1970A393F25E3FCBDC95A887 /* TranslationPricingTests.swift in Sources */ = {isa = PBXBuildFile; fileRef = 7371B41AD90FC83B44045981 /* TranslationPricingTests.swift */; };
		1C0F1F3293A2A9DEBB118521 /* CrimsonPro-VariableFont_wght.ttf in Resources */ = {isa = PBXBuildFile; fileRef = E123D7ED2F5FB1DBB2C92A78 /* CrimsonPro-VariableFont_wght.ttf */; };
		1C60C6D3FF91E0AC416B5863 /* NightInvertPDFPage.swift in Sources */ = {isa = PBXBuildFile; fileRef = A62273492171E9BF78F8FF14 /* NightInvertPDFPage.swift */; };
		1C6AC88471BAC1C100D146AE /* LocalizationStoreTests.swift in Sources */ = {isa = PBXBuildFile; fileRef = C0B9CA7318D0116BA297D2DC /* LocalizationStoreTests.swift */; };
		1C90A7EFC527E9E3ADBBEDB9 /* SettingsComponents.swift in Sources */ = {isa = PBXBuildFile; fileRef = 37B36261B2C20184C2917AA9 /* SettingsComponents.swift */; };
		1CE28672EC5DAB7DAB0546DA /* ReaderControllerScrollLockTests.swift in Sources */ = {isa = PBXBuildFile; fileRef = 8E8EC0EDA2268305239B1A86 /* ReaderControllerScrollLockTests.swift */; };
		203F6EA3CC1C292800B7ACDA /* TranslationBackendClient.swift in Sources */ = {isa = PBXBuildFile; fileRef = 0A24A7A30DE0DDE852F3C7DA /* TranslationBackendClient.swift */; };
		20744C67D50ED176FC47FA42 /* AppRows.swift in Sources */ = {isa = PBXBuildFile; fileRef = 064ABF5A2197B06035181EAE /* AppRows.swift */; };
		2184774BE3E462659F417DCE /* BundleLanguage.swift in Sources */ = {isa = PBXBuildFile; fileRef = B4F528275EF342C818D8CBE5 /* BundleLanguage.swift */; };
		23DB9362E52A688275BCC4DA /* SkeletonLines.swift in Sources */ = {isa = PBXBuildFile; fileRef = B5BA3D36504019BE10524820 /* SkeletonLines.swift */; };
		25EFECDDEF0F227219773DE8 /* SettingsStore.swift in Sources */ = {isa = PBXBuildFile; fileRef = 272FD4C62C52D84DF5B3A482 /* SettingsStore.swift */; };
		2862EEBAE31FEB0A84BF957C /* PricingStore.swift in Sources */ = {isa = PBXBuildFile; fileRef = F498F7C385D172EC7772816B /* PricingStore.swift */; };
		2A9047155A2A4CD32FE4C2D1 /* KF8EPUBWriter.swift in Sources */ = {isa = PBXBuildFile; fileRef = 8E47E40FB90CDA826FF9F815 /* KF8EPUBWriter.swift */; };
		2AEF6D1E8108356C5477D4CE /* TextImporter.swift in Sources */ = {isa = PBXBuildFile; fileRef = F337CA2782389E1AE635DB1D /* TextImporter.swift */; };
		2C0A75E22C832DC1F10C1340 /* AppShowcaseScreenshotUITests.swift in Sources */ = {isa = PBXBuildFile; fileRef = A919EE1E4F6BA96D721FDF1E /* AppShowcaseScreenshotUITests.swift */; };
		2E0B1C35D357EE6D005AD36F /* KF8RejectionTests.swift in Sources */ = {isa = PBXBuildFile; fileRef = DEEF15C907BAC70AC799C954 /* KF8RejectionTests.swift */; };
		2FCC253188B79CF962509D48 /* Book.swift in Sources */ = {isa = PBXBuildFile; fileRef = AE6BBC89BA3ADC361093487B /* Book.swift */; };
		31CEA54782423515F6B0D39B /* KF8Converter.swift in Sources */ = {isa = PBXBuildFile; fileRef = D63A0A8D0BE67EF9C664F309 /* KF8Converter.swift */; };
		34FCCC0597579BADD5E79DF5 /* AppHeaders.swift in Sources */ = {isa = PBXBuildFile; fileRef = DA837B33E5B3DC9FADF4A7B9 /* AppHeaders.swift */; };
		36391E157E377F7B2710D808 /* AIProcessingConsentView.swift in Sources */ = {isa = PBXBuildFile; fileRef = 9BC8BCE0617772088CEA5BC3 /* AIProcessingConsentView.swift */; };
		3695F41543F83549ECF3DA10 /* alice.azw3 in Resources */ = {isa = PBXBuildFile; fileRef = 44E05F3B910691CBE0A38D01 /* alice.azw3 */; };
		3B6C034E81FDEDF3458EC33C /* MOBIIndex.swift in Sources */ = {isa = PBXBuildFile; fileRef = 1F0FF99935EA31EC97ECA580 /* MOBIIndex.swift */; };
		3C8C6C17B1CBD9684A691E3E /* Assets.xcassets in Resources */ = {isa = PBXBuildFile; fileRef = 06E4703180D92FB621603456 /* Assets.xcassets */; };
		432D509B0FC5B17F713A2BD2 /* ReaderAppearanceControls.swift in Sources */ = {isa = PBXBuildFile; fileRef = 17F6B80FC78A1664D904F760 /* ReaderAppearanceControls.swift */; };
		436FAE95454752B91D9C5D37 /* PaletteColors.swift in Sources */ = {isa = PBXBuildFile; fileRef = 20CA89A7083CC7170A2D8A7C /* PaletteColors.swift */; };
		4422700A3AECE99C64C2DB14 /* BrandPalette.swift in Sources */ = {isa = PBXBuildFile; fileRef = 039D85E7CC1F09475A8E8FD6 /* BrandPalette.swift */; };
		4C65D3C1288338074B8C4DBB /* KF8ConverterTests.swift in Sources */ = {isa = PBXBuildFile; fileRef = 6864F0AF543B427F26EFE3BC /* KF8ConverterTests.swift */; };
		4E0522EEE00CDDDFDE45BE06 /* OnboardingModePreview.swift in Sources */ = {isa = PBXBuildFile; fileRef = 8030BF092827A2818C316D96 /* OnboardingModePreview.swift */; };
		4F23DE9B52EC5AB88D37CEE7 /* PalmDatabase.swift in Sources */ = {isa = PBXBuildFile; fileRef = 6973A0658B222854210AF6D3 /* PalmDatabase.swift */; };
		5258912F1D907326A21A088A /* TranslateHomeView.swift in Sources */ = {isa = PBXBuildFile; fileRef = 8E778C75AE957084A598BF12 /* TranslateHomeView.swift */; };
		53BE124407C14B55550FC3D4 /* AppTabView.swift in Sources */ = {isa = PBXBuildFile; fileRef = 091C4DA3F9A65DF2AC8A30BF /* AppTabView.swift */; };
		53C6941A56135A600F0F57AE /* quote-golden.json in Resources */ = {isa = PBXBuildFile; fileRef = 9098361DD855799D2D049298 /* quote-golden.json */; };
		544BAD27DD8BF7F5C26D12E5 /* MOBIHeader.swift in Sources */ = {isa = PBXBuildFile; fileRef = 94400FAC7EA31B1D3DD9C8E4 /* MOBIHeader.swift */; };
		58F1D9874E37F7B9538C0BDF /* PDFReaderView.swift in Sources */ = {isa = PBXBuildFile; fileRef = 999A22A5C2C48AF33C484A9A /* PDFReaderView.swift */; };
		596556FB658C2C763F138695 /* TypographyPanel.swift in Sources */ = {isa = PBXBuildFile; fileRef = EF3718D66D73D3079B10E989 /* TypographyPanel.swift */; };
		59C8E8AEA0E8BCF78AC9D452 /* HTMLBlockScanner.swift in Sources */ = {isa = PBXBuildFile; fileRef = 3F3103BCC7A74EBC0909A379 /* HTMLBlockScanner.swift */; };
		59FC6CE608C87D9207E8625B /* AppTabs.swift in Sources */ = {isa = PBXBuildFile; fileRef = 6C375DC7EFBCBE7E198F72C6 /* AppTabs.swift */; };
		59FDC72DD1ACA199BBC3E182 /* ReaderScripts.swift in Sources */ = {isa = PBXBuildFile; fileRef = CAC502B4C8483FD7332F0E24 /* ReaderScripts.swift */; };
		5ACFEF49DEE2E69651C5B166 /* EPUBArchiveValidator.swift in Sources */ = {isa = PBXBuildFile; fileRef = 7D816DEF95D64CD0D997D7FB /* EPUBArchiveValidator.swift */; };
		5AE4A6A32CCD49470350EC2A /* SampleDocuments.swift in Sources */ = {isa = PBXBuildFile; fileRef = D1EB437835ADE4440C44B99B /* SampleDocuments.swift */; };
		5AF5F72734468E1E211DB68F /* ShimmerModifier.swift in Sources */ = {isa = PBXBuildFile; fileRef = AFD7D2D651AA29B599911ED2 /* ShimmerModifier.swift */; };
		5BF8A4121A4A12C4E0D17D88 /* LibraryStore.swift in Sources */ = {isa = PBXBuildFile; fileRef = B6EB5922A24C5FAA1F2DB3B3 /* LibraryStore.swift */; };
		5C01CA1931AF8D098CBA02FF /* OnboardingLaunchUITests.swift in Sources */ = {isa = PBXBuildFile; fileRef = F6C7AB5DB7D76129E39F0CBB /* OnboardingLaunchUITests.swift */; };
		5E82A67F9F5095E254320F72 /* LibraryStoreTests.swift in Sources */ = {isa = PBXBuildFile; fileRef = C5CB2E6F4600FB25D00FBCF1 /* LibraryStoreTests.swift */; };
		5FD870D8B0638A678408E0C3 /* BookPurchaseStore.swift in Sources */ = {isa = PBXBuildFile; fileRef = 69C90DF03786DD503F6F0D04 /* BookPurchaseStore.swift */; };
		62F9050F98EBEB912058A8A2 /* ReaderView.swift in Sources */ = {isa = PBXBuildFile; fileRef = 33C7CD7546ABA5930344A94E /* ReaderView.swift */; };
		6583EFAEE63A1C04470BEF8F /* PDFImporter.swift in Sources */ = {isa = PBXBuildFile; fileRef = 8665DC3CA08B5847D28DB270 /* PDFImporter.swift */; };
		66E30837DBFE99D2229B564F /* alice-csodaorszagban-hu.epub in Resources */ = {isa = PBXBuildFile; fileRef = F33A0870F1710ACFA41E5811 /* alice-csodaorszagban-hu.epub */; };
		706FCA0F78232FECA1EBB5AD /* AppControls.swift in Sources */ = {isa = PBXBuildFile; fileRef = AE8FB3D38445245A7DA13F36 /* AppControls.swift */; };
		7389B3C82440A9A469784207 /* ReviewPromptPolicy.swift in Sources */ = {isa = PBXBuildFile; fileRef = C3731510656BD7A217C4E2E0 /* ReviewPromptPolicy.swift */; };
		7711FECEC2976FB762599BB9 /* EPUBXMLDelegates.swift in Sources */ = {isa = PBXBuildFile; fileRef = 460053620CC1DE7B473BDD28 /* EPUBXMLDelegates.swift */; };
		7774A973A4DFB45D6DFE2949 /* EPUBModels.swift in Sources */ = {isa = PBXBuildFile; fileRef = 6144E62ED58E5E8641915B27 /* EPUBModels.swift */; };
		77C20DBD788454E3B9FB8D7A /* SearchServiceTests.swift in Sources */ = {isa = PBXBuildFile; fileRef = 82D6185C5816C08912362D43 /* SearchServiceTests.swift */; };
		838BB50A8C455A0F17F12197 /* ReaderViewModel.swift in Sources */ = {isa = PBXBuildFile; fileRef = 4070FDA74FC7D4E62B74BF47 /* ReaderViewModel.swift */; };
		8819B75D6CC2BCE028211168 /* TranslateBookRow.swift in Sources */ = {isa = PBXBuildFile; fileRef = 824F2A8F9CD66A1B18B2CCE5 /* TranslateBookRow.swift */; };
		89198CF2EDDB90B7D80CEA05 /* MOBI6Converter.swift in Sources */ = {isa = PBXBuildFile; fileRef = 12C5115E4B383FC60CF07FA8 /* MOBI6Converter.swift */; };
		8935545FAEADCBEAEADE86DA /* TranslationStore.swift in Sources */ = {isa = PBXBuildFile; fileRef = B1F70B6ACF70974969BFC1FD /* TranslationStore.swift */; };
		8A3B16EF459323F119EE12D9 /* PrivacyPolicyView.swift in Sources */ = {isa = PBXBuildFile; fileRef = D6E7F8CE07E4A4F7ACBE1F92 /* PrivacyPolicyView.swift */; };
		8AA48DF137D50A8058C09CE5 /* EPUBArchiveValidatorTests.swift in Sources */ = {isa = PBXBuildFile; fileRef = 18840D30D236F120F4238BAE /* EPUBArchiveValidatorTests.swift */; };
		8C1BAD9D6B779415E78C5D87 /* sample-nocover.epub in Resources */ = {isa = PBXBuildFile; fileRef = 9EB1E7EFC740D1288EB2DDB7 /* sample-nocover.epub */; };
		8C60E15CDACE5F5B28BCD3AF /* WelcomeView.swift in Sources */ = {isa = PBXBuildFile; fileRef = D67FBA81584DA8779C4D3F2E /* WelcomeView.swift */; };
		8C658E56A960159065E22F15 /* TranslationJob.swift in Sources */ = {isa = PBXBuildFile; fileRef = 06ECFA9B1703A142DD7E8E90 /* TranslationJob.swift */; };
		9019E1D7C0A4632347B60737 /* NativReadApp.swift in Sources */ = {isa = PBXBuildFile; fileRef = E3A1D6B115206633B1644A47 /* NativReadApp.swift */; };
		91BF8D3303D8F8C7DA8C1894 /* TextImporterTests.swift in Sources */ = {isa = PBXBuildFile; fileRef = 4CB09CDDA20ADD37EA4ADFD8 /* TextImporterTests.swift */; };
		927E4BD94F3E2CCAFAAF83D3 /* Color+Hex.swift in Sources */ = {isa = PBXBuildFile; fileRef = 7EE245525870D0963B4EC11C /* Color+Hex.swift */; };
		939E5EB02D7036585877694B /* alice-wunderland-de.epub in Resources */ = {isa = PBXBuildFile; fileRef = AEEB92CFC8AC48578397EC13 /* alice-wunderland-de.epub */; };
		96BB96E902CAB980277483D5 /* CurlEngineContractTests.swift in Sources */ = {isa = PBXBuildFile; fileRef = F62898CFA133A44122E9AB3D /* CurlEngineContractTests.swift */; };
		9766E731FB075B7F3A299E20 /* ZIPFoundation in Frameworks */ = {isa = PBXBuildFile; productRef = 053C8F4DEE72AB804CB55AE7 /* ZIPFoundation */; };
		9794FF4B51889E6BC6640AF6 /* SheetChromeUITests.swift in Sources */ = {isa = PBXBuildFile; fileRef = 8E3DD2D260F0168109C78553 /* SheetChromeUITests.swift */; };
		9A84CE1B56B7C0F7702127B1 /* TranslationPlanCard.swift in Sources */ = {isa = PBXBuildFile; fileRef = A9581E454641184FACD5B0A7 /* TranslationPlanCard.swift */; };
		9B57D74E27D6FBE437AE062F /* ReviewPromptPolicyTests.swift in Sources */ = {isa = PBXBuildFile; fileRef = D649FFEB2C032A311B04CB0E /* ReviewPromptPolicyTests.swift */; };
		9B6C46807DFF455B79837522 /* TranslationPriceBands.swift in Sources */ = {isa = PBXBuildFile; fileRef = BCB3CF79F401B884A70E4327 /* TranslationPriceBands.swift */; };
		9D21A199DD5F7A0DC352145B /* sample.epub in Resources */ = {isa = PBXBuildFile; fileRef = AEC15A32266675036D4975B8 /* sample.epub */; };
		9EE5F3E5DA68B83766B24619 /* NightInvertTests.swift in Sources */ = {isa = PBXBuildFile; fileRef = 30281EBCD82CA3ABA889FBC4 /* NightInvertTests.swift */; };
		9FF8A12B05F332E92AD07887 /* QuoteGoldenTests.swift in Sources */ = {isa = PBXBuildFile; fileRef = 522FA999BD614D0D06D1E485 /* QuoteGoldenTests.swift */; };
		A131EBDD6659BC27D68A316D /* HighlightExport.swift in Sources */ = {isa = PBXBuildFile; fileRef = A80A3FEC46EE3C3E5D16A23C /* HighlightExport.swift */; };
		A273B3FAD1AD9E0DBFCE747B /* PDFKitView.swift in Sources */ = {isa = PBXBuildFile; fileRef = DE0943165D5C8E74AC6952F7 /* PDFKitView.swift */; };
		A9BB974E289EF18798594AC7 /* AccountDeletionAuthorizationView.swift in Sources */ = {isa = PBXBuildFile; fileRef = 4EE9B87C7751639FB66F9B2A /* AccountDeletionAuthorizationView.swift */; };
		AB3EABC70EC9B81C305FF4F2 /* EPUBParser.swift in Sources */ = {isa = PBXBuildFile; fileRef = ABCE4D3E0E7C885742C36076 /* EPUBParser.swift */; };
		AFB660D6145618BCF13249EE /* OnboardingUITests.swift in Sources */ = {isa = PBXBuildFile; fileRef = 0AC0BF3780724C07D4DD9206 /* OnboardingUITests.swift */; };
		B0AD956B30FBDB0B678628C5 /* EPUBParserTests.swift in Sources */ = {isa = PBXBuildFile; fileRef = AE3E33A772E354A9A53742B8 /* EPUBParserTests.swift */; };
		B1B6259AB0BD667224F926F3 /* HighlightExportTests.swift in Sources */ = {isa = PBXBuildFile; fileRef = 49D3220F69D9F23369A91546 /* HighlightExportTests.swift */; };
		B54AD54DE02F8992B7EFFCAD /* SearchService.swift in Sources */ = {isa = PBXBuildFile; fileRef = C593D1DC18AF7A9E41F9CBF4 /* SearchService.swift */; };
		B65123C6435B1ED12D00A751 /* TermsOfUseView.swift in Sources */ = {isa = PBXBuildFile; fileRef = EA69A039DC372B635168FE81 /* TermsOfUseView.swift */; };
		B7006EF9EB6876E446BE1A08 /* TranslationPrivacy.swift in Sources */ = {isa = PBXBuildFile; fileRef = 47FC64C7529CF2540CE31F4A /* TranslationPrivacy.swift */; };
		B7392D9F90733E3A3AB0B21A /* ContentsSheet.swift in Sources */ = {isa = PBXBuildFile; fileRef = 9664F6B66A84BE969D74BB00 /* ContentsSheet.swift */; };
		B971FB5AC17B4A8F3247B9D5 /* LicensesView.swift in Sources */ = {isa = PBXBuildFile; fileRef = 106EEDB0A05BB18919998A14 /* LicensesView.swift */; };
		BC6F3977ABC60D3B62A080AF /* RootView.swift in Sources */ = {isa = PBXBuildFile; fileRef = C315CDE39775B8CBBD7D38AB /* RootView.swift */; };
		BCE33E25AE0E32FA4C4D0A1B /* OFL.txt in Resources */ = {isa = PBXBuildFile; fileRef = 1C3042BC774E758D1712935C /* OFL.txt */; };
		BEF81179B15D3C5438603087 /* ReaderWebView.swift in Sources */ = {isa = PBXBuildFile; fileRef = 66AF8DF5A31C8D521804C225 /* ReaderWebView.swift */; };
		C87F139879F355968B1E5D2E /* Localizable.xcstrings in Resources */ = {isa = PBXBuildFile; fileRef = F5CF6734BF44978AE0E87D71 /* Localizable.xcstrings */; };
		CC3425E7F741863EE45919BD /* PDFReaderSheets.swift in Sources */ = {isa = PBXBuildFile; fileRef = A1FB9D3321C07AD573B5F7FB /* PDFReaderSheets.swift */; };
		CDE888F798DD77F7B1D20F1D /* ReaderJourneyUITests.swift in Sources */ = {isa = PBXBuildFile; fileRef = 78405DE02864A465476B0E50 /* ReaderJourneyUITests.swift */; };
		CE9C3D5CBFB27125CD7E6981 /* BookCard.swift in Sources */ = {isa = PBXBuildFile; fileRef = AD04F7AE9F57F58B398F1388 /* BookCard.swift */; };
		CF3444B3F0FCDBB792A7F4B9 /* CormorantGaramond-Italic-VariableFont_wght.ttf in Resources */ = {isa = PBXBuildFile; fileRef = C68E9C893F107E04BF0F7DE1 /* CormorantGaramond-Italic-VariableFont_wght.ttf */; };
		D0128E3C495B2DB95AC0570F /* SettingsView.swift in Sources */ = {isa = PBXBuildFile; fileRef = B992500E3C0F70C78777DDBC /* SettingsView.swift */; };
		D69593C2F709102C5A89D818 /* TranslationPricing.swift in Sources */ = {isa = PBXBuildFile; fileRef = D700C25ED554B11E00663DAF /* TranslationPricing.swift */; };
		D793B2940ECFC0B59BC26492 /* KF8ComponentTests.swift in Sources */ = {isa = PBXBuildFile; fileRef = 1931BDF5DB21F97682DA0864 /* KF8ComponentTests.swift */; };
		D9B25FDE8113AD208840D396 /* PDFReaderViewModelTests.swift in Sources */ = {isa = PBXBuildFile; fileRef = 4CE049205205670B1BD37AE3 /* PDFReaderViewModelTests.swift */; };
		DA3F1CFBC40AD63F710CBE08 /* ModelTests.swift in Sources */ = {isa = PBXBuildFile; fileRef = FFA9C96ACF60C48577463123 /* ModelTests.swift */; };
		DAC8489775AB9CEF3AE29DE6 /* EPUBFixtures.swift in Sources */ = {isa = PBXBuildFile; fileRef = 65105E04DAC5AC9BA3F03B23 /* EPUBFixtures.swift */; };
		DB3D8D29877B74D3F94B741E /* pal-utcai-fiuk-gutenberg-hu.epub in Resources */ = {isa = PBXBuildFile; fileRef = 6E606134B7B8F30E367F91A4 /* pal-utcai-fiuk-gutenberg-hu.epub */; };
		DF3A19F92CEBEA8FCE1A1CAB /* ReaderSettings.swift in Sources */ = {isa = PBXBuildFile; fileRef = E540AC33E0FFF34697C3C408 /* ReaderSettings.swift */; };
		E1A251454CD59352C1F590DA /* ReaderControlStyle.swift in Sources */ = {isa = PBXBuildFile; fileRef = A41020F1B417C212E4BD170E /* ReaderControlStyle.swift */; };
		E2B9B1545C21C0766F474FE0 /* CormorantGaramond-VariableFont_wght.ttf in Resources */ = {isa = PBXBuildFile; fileRef = 743BCB6AC687298A44D6AB41 /* CormorantGaramond-VariableFont_wght.ttf */; };
		E536C100C54016CBFD07A2B7 /* CREDITS.txt in Resources */ = {isa = PBXBuildFile; fileRef = 75D03E4D1200C73A83619A03 /* CREDITS.txt */; };
		E5AA724CE15569B378099B64 /* OnboardingArt.swift in Sources */ = {isa = PBXBuildFile; fileRef = 7855506FD1362610B1BB347C /* OnboardingArt.swift */; };
		E9656E65C5982A3C1B72288B /* HTMLEntities.swift in Sources */ = {isa = PBXBuildFile; fileRef = 8334DDFB0EC89B8CA5FE234A /* HTMLEntities.swift */; };
		EAD5BB2DB0BFAC3325A2803B /* Gunzip.swift in Sources */ = {isa = PBXBuildFile; fileRef = 5D69523F5D9CF07E236863CF /* Gunzip.swift */; };
		EBCCF8E2C081CD4B54D39190 /* SearchSheet.swift in Sources */ = {isa = PBXBuildFile; fileRef = F34308C87AC2F0AFA27FCF2C /* SearchSheet.swift */; };
		ED68ADE40C78CEDE1536AE42 /* ReaderController.swift in Sources */ = {isa = PBXBuildFile; fileRef = 88C982DD6AF5BB044DD035A8 /* ReaderController.swift */; };
		F2FC3FA29F62B07C35663D54 /* LocalizationStore.swift in Sources */ = {isa = PBXBuildFile; fileRef = 4162EB7E366B8A9451EB8916 /* LocalizationStore.swift */; };
		F7E587B13060CF92BB5DCAD1 /* SourceCharacterCounter.swift in Sources */ = {isa = PBXBuildFile; fileRef = D8AF8ACCDCE87A8A635301DB /* SourceCharacterCounter.swift */; };
		F861F7071B8960F5BE9E27B6 /* PDFReaderViewModel.swift in Sources */ = {isa = PBXBuildFile; fileRef = A5828C6CA5147F906FCE0AF5 /* PDFReaderViewModel.swift */; };
		F87CA4C6CB262DDA04D9C6DC /* BookFormatTests.swift in Sources */ = {isa = PBXBuildFile; fileRef = 0787158B182D1EB09F5B088D /* BookFormatTests.swift */; };
		FAC53F1AB6B94A0DA558103B /* PalmDocDecompressor.swift in Sources */ = {isa = PBXBuildFile; fileRef = 0CDFBFF2637F610C6E00BCC5 /* PalmDocDecompressor.swift */; };
		FBE220C4137EBB5686481428 /* HighlightingWebView.swift in Sources */ = {isa = PBXBuildFile; fileRef = 66D69E73702E7A6A47DAC579 /* HighlightingWebView.swift */; };
		FC54328EB36E9391809C9753 /* Cinzel-VariableFont_wght.ttf in Resources */ = {isa = PBXBuildFile; fileRef = 3710A1A340C11A0CF5ECD0D2 /* Cinzel-VariableFont_wght.ttf */; };
/* End PBXBuildFile section */

/* Begin PBXContainerItemProxy section */
		4B12788D20E33FE1D5E3C068 /* PBXContainerItemProxy */ = {
			isa = PBXContainerItemProxy;
			containerPortal = B641C90DB18E13BD3695FDF2 /* Project object */;
			proxyType = 1;
			remoteGlobalIDString = BC53282B8FD26283E48AA5C3;
			remoteInfo = NativRead;
		};
		5F41BCD8D12F767DF2D63047 /* PBXContainerItemProxy */ = {
			isa = PBXContainerItemProxy;
			containerPortal = B641C90DB18E13BD3695FDF2 /* Project object */;
			proxyType = 1;
			remoteGlobalIDString = BC53282B8FD26283E48AA5C3;
			remoteInfo = NativRead;
		};
/* End PBXContainerItemProxy section */

/* Begin PBXFileReference section */
		039D85E7CC1F09475A8E8FD6 /* BrandPalette.swift */ = {isa = PBXFileReference; lastKnownFileType = sourcecode.swift; path = BrandPalette.swift; sourceTree = "<group>"; };
		064ABF5A2197B06035181EAE /* AppRows.swift */ = {isa = PBXFileReference; lastKnownFileType = sourcecode.swift; path = AppRows.swift; sourceTree = "<group>"; };
		06E4703180D92FB621603456 /* Assets.xcassets */ = {isa = PBXFileReference; lastKnownFileType = folder.assetcatalog; path = Assets.xcassets; sourceTree = "<group>"; };
		06ECFA9B1703A142DD7E8E90 /* TranslationJob.swift */ = {isa = PBXFileReference; lastKnownFileType = sourcecode.swift; path = TranslationJob.swift; sourceTree = "<group>"; };
		0787158B182D1EB09F5B088D /* BookFormatTests.swift */ = {isa = PBXFileReference; lastKnownFileType = sourcecode.swift; path = BookFormatTests.swift; sourceTree = "<group>"; };
		07E34D0D4B58C307DCC0B622 /* LoadingOverlay.swift */ = {isa = PBXFileReference; lastKnownFileType = sourcecode.swift; path = LoadingOverlay.swift; sourceTree = "<group>"; };
		091C4DA3F9A65DF2AC8A30BF /* AppTabView.swift */ = {isa = PBXFileReference; lastKnownFileType = sourcecode.swift; path = AppTabView.swift; sourceTree = "<group>"; };
		0A24A7A30DE0DDE852F3C7DA /* TranslationBackendClient.swift */ = {isa = PBXFileReference; lastKnownFileType = sourcecode.swift; path = TranslationBackendClient.swift; sourceTree = "<group>"; };
		0AC0BF3780724C07D4DD9206 /* OnboardingUITests.swift */ = {isa = PBXFileReference; lastKnownFileType = sourcecode.swift; path = OnboardingUITests.swift; sourceTree = "<group>"; };
		0CDFBFF2637F610C6E00BCC5 /* PalmDocDecompressor.swift */ = {isa = PBXFileReference; lastKnownFileType = sourcecode.swift; path = PalmDocDecompressor.swift; sourceTree = "<group>"; };
		106EEDB0A05BB18919998A14 /* LicensesView.swift */ = {isa = PBXFileReference; lastKnownFileType = sourcecode.swift; path = LicensesView.swift; sourceTree = "<group>"; };
		12C5115E4B383FC60CF07FA8 /* MOBI6Converter.swift */ = {isa = PBXFileReference; lastKnownFileType = sourcecode.swift; path = MOBI6Converter.swift; sourceTree = "<group>"; };
		17F6B80FC78A1664D904F760 /* ReaderAppearanceControls.swift */ = {isa = PBXFileReference; lastKnownFileType = sourcecode.swift; path = ReaderAppearanceControls.swift; sourceTree = "<group>"; };
		18840D30D236F120F4238BAE /* EPUBArchiveValidatorTests.swift */ = {isa = PBXFileReference; lastKnownFileType = sourcecode.swift; path = EPUBArchiveValidatorTests.swift; sourceTree = "<group>"; };
		1931BDF5DB21F97682DA0864 /* KF8ComponentTests.swift */ = {isa = PBXFileReference; lastKnownFileType = sourcecode.swift; path = KF8ComponentTests.swift; sourceTree = "<group>"; };
		1B110E1CEA86249B2D69CB75 /* Info.plist */ = {isa = PBXFileReference; lastKnownFileType = text.plist; path = Info.plist; sourceTree = "<group>"; };
		1C3042BC774E758D1712935C /* OFL.txt */ = {isa = PBXFileReference; lastKnownFileType = text; path = OFL.txt; sourceTree = "<group>"; };
		1E14E413519C6AB9EC89C454 /* Typography.swift */ = {isa = PBXFileReference; lastKnownFileType = sourcecode.swift; path = Typography.swift; sourceTree = "<group>"; };
		1F0FF99935EA31EC97ECA580 /* MOBIIndex.swift */ = {isa = PBXFileReference; lastKnownFileType = sourcecode.swift; path = MOBIIndex.swift; sourceTree = "<group>"; };
		20CA89A7083CC7170A2D8A7C /* PaletteColors.swift */ = {isa = PBXFileReference; lastKnownFileType = sourcecode.swift; path = PaletteColors.swift; sourceTree = "<group>"; };
		272FD4C62C52D84DF5B3A482 /* SettingsStore.swift */ = {isa = PBXFileReference; lastKnownFileType = sourcecode.swift; path = SettingsStore.swift; sourceTree = "<group>"; };
		30281EBCD82CA3ABA889FBC4 /* NightInvertTests.swift */ = {isa = PBXFileReference; lastKnownFileType = sourcecode.swift; path = NightInvertTests.swift; sourceTree = "<group>"; };
		33C7CD7546ABA5930344A94E /* ReaderView.swift */ = {isa = PBXFileReference; lastKnownFileType = sourcecode.swift; path = ReaderView.swift; sourceTree = "<group>"; };
		3710A1A340C11A0CF5ECD0D2 /* Cinzel-VariableFont_wght.ttf */ = {isa = PBXFileReference; lastKnownFileType = file; path = "Cinzel-VariableFont_wght.ttf"; sourceTree = "<group>"; };
		37B36261B2C20184C2917AA9 /* SettingsComponents.swift */ = {isa = PBXFileReference; lastKnownFileType = sourcecode.swift; path = SettingsComponents.swift; sourceTree = "<group>"; };
		3F3103BCC7A74EBC0909A379 /* HTMLBlockScanner.swift */ = {isa = PBXFileReference; lastKnownFileType = sourcecode.swift; path = HTMLBlockScanner.swift; sourceTree = "<group>"; };
		4070FDA74FC7D4E62B74BF47 /* ReaderViewModel.swift */ = {isa = PBXFileReference; lastKnownFileType = sourcecode.swift; path = ReaderViewModel.swift; sourceTree = "<group>"; };
		4162EB7E366B8A9451EB8916 /* LocalizationStore.swift */ = {isa = PBXFileReference; lastKnownFileType = sourcecode.swift; path = LocalizationStore.swift; sourceTree = "<group>"; };
		41C515AB3391858F18B8A382 /* NativRead.entitlements */ = {isa = PBXFileReference; lastKnownFileType = text.plist.entitlements; path = NativRead.entitlements; sourceTree = "<group>"; };
		44E05F3B910691CBE0A38D01 /* alice.azw3 */ = {isa = PBXFileReference; path = alice.azw3; sourceTree = "<group>"; };
		460053620CC1DE7B473BDD28 /* EPUBXMLDelegates.swift */ = {isa = PBXFileReference; lastKnownFileType = sourcecode.swift; path = EPUBXMLDelegates.swift; sourceTree = "<group>"; };
		47FC64C7529CF2540CE31F4A /* TranslationPrivacy.swift */ = {isa = PBXFileReference; lastKnownFileType = sourcecode.swift; path = TranslationPrivacy.swift; sourceTree = "<group>"; };
		49D3220F69D9F23369A91546 /* HighlightExportTests.swift */ = {isa = PBXFileReference; lastKnownFileType = sourcecode.swift; path = HighlightExportTests.swift; sourceTree = "<group>"; };
		4CB09CDDA20ADD37EA4ADFD8 /* TextImporterTests.swift */ = {isa = PBXFileReference; lastKnownFileType = sourcecode.swift; path = TextImporterTests.swift; sourceTree = "<group>"; };
		4CE049205205670B1BD37AE3 /* PDFReaderViewModelTests.swift */ = {isa = PBXFileReference; lastKnownFileType = sourcecode.swift; path = PDFReaderViewModelTests.swift; sourceTree = "<group>"; };
		4EE9B87C7751639FB66F9B2A /* AccountDeletionAuthorizationView.swift */ = {isa = PBXFileReference; lastKnownFileType = sourcecode.swift; path = AccountDeletionAuthorizationView.swift; sourceTree = "<group>"; };
		522FA999BD614D0D06D1E485 /* QuoteGoldenTests.swift */ = {isa = PBXFileReference; lastKnownFileType = sourcecode.swift; path = QuoteGoldenTests.swift; sourceTree = "<group>"; };
		5D69523F5D9CF07E236863CF /* Gunzip.swift */ = {isa = PBXFileReference; lastKnownFileType = sourcecode.swift; path = Gunzip.swift; sourceTree = "<group>"; };
		6144E62ED58E5E8641915B27 /* EPUBModels.swift */ = {isa = PBXFileReference; lastKnownFileType = sourcecode.swift; path = EPUBModels.swift; sourceTree = "<group>"; };
		629BD195E75EF83F623C0BF6 /* alice-wonderland-standard-en.epub */ = {isa = PBXFileReference; path = "alice-wonderland-standard-en.epub"; sourceTree = "<group>"; };
		65105E04DAC5AC9BA3F03B23 /* EPUBFixtures.swift */ = {isa = PBXFileReference; lastKnownFileType = sourcecode.swift; path = EPUBFixtures.swift; sourceTree = "<group>"; };
		66AF8DF5A31C8D521804C225 /* ReaderWebView.swift */ = {isa = PBXFileReference; lastKnownFileType = sourcecode.swift; path = ReaderWebView.swift; sourceTree = "<group>"; };
		66D69E73702E7A6A47DAC579 /* HighlightingWebView.swift */ = {isa = PBXFileReference; lastKnownFileType = sourcecode.swift; path = HighlightingWebView.swift; sourceTree = "<group>"; };
		6864F0AF543B427F26EFE3BC /* KF8ConverterTests.swift */ = {isa = PBXFileReference; lastKnownFileType = sourcecode.swift; path = KF8ConverterTests.swift; sourceTree = "<group>"; };
		6973A0658B222854210AF6D3 /* PalmDatabase.swift */ = {isa = PBXFileReference; lastKnownFileType = sourcecode.swift; path = PalmDatabase.swift; sourceTree = "<group>"; };
		69C90DF03786DD503F6F0D04 /* BookPurchaseStore.swift */ = {isa = PBXFileReference; lastKnownFileType = sourcecode.swift; path = BookPurchaseStore.swift; sourceTree = "<group>"; };
		6C375DC7EFBCBE7E198F72C6 /* AppTabs.swift */ = {isa = PBXFileReference; lastKnownFileType = sourcecode.swift; path = AppTabs.swift; sourceTree = "<group>"; };
		6E606134B7B8F30E367F91A4 /* pal-utcai-fiuk-gutenberg-hu.epub */ = {isa = PBXFileReference; path = "pal-utcai-fiuk-gutenberg-hu.epub"; sourceTree = "<group>"; };
		7371B41AD90FC83B44045981 /* TranslationPricingTests.swift */ = {isa = PBXFileReference; lastKnownFileType = sourcecode.swift; path = TranslationPricingTests.swift; sourceTree = "<group>"; };
		743BCB6AC687298A44D6AB41 /* CormorantGaramond-VariableFont_wght.ttf */ = {isa = PBXFileReference; lastKnownFileType = file; path = "CormorantGaramond-VariableFont_wght.ttf"; sourceTree = "<group>"; };
		75D03E4D1200C73A83619A03 /* CREDITS.txt */ = {isa = PBXFileReference; lastKnownFileType = text; path = CREDITS.txt; sourceTree = "<group>"; };
		7605BEA0A25C671DB4F3A74E /* LibraryView.swift */ = {isa = PBXFileReference; lastKnownFileType = sourcecode.swift; path = LibraryView.swift; sourceTree = "<group>"; };
		78405DE02864A465476B0E50 /* ReaderJourneyUITests.swift */ = {isa = PBXFileReference; lastKnownFileType = sourcecode.swift; path = ReaderJourneyUITests.swift; sourceTree = "<group>"; };
		7855506FD1362610B1BB347C /* OnboardingArt.swift */ = {isa = PBXFileReference; lastKnownFileType = sourcecode.swift; path = OnboardingArt.swift; sourceTree = "<group>"; };
		7D816DEF95D64CD0D997D7FB /* EPUBArchiveValidator.swift */ = {isa = PBXFileReference; lastKnownFileType = sourcecode.swift; path = EPUBArchiveValidator.swift; sourceTree = "<group>"; };
		7EE245525870D0963B4EC11C /* Color+Hex.swift */ = {isa = PBXFileReference; lastKnownFileType = sourcecode.swift; path = "Color+Hex.swift"; sourceTree = "<group>"; };
		8030BF092827A2818C316D96 /* OnboardingModePreview.swift */ = {isa = PBXFileReference; lastKnownFileType = sourcecode.swift; path = OnboardingModePreview.swift; sourceTree = "<group>"; };
		80C095780ADBB3F69B0F75DB /* NativRead.app */ = {isa = PBXFileReference; includeInIndex = 0; lastKnownFileType = wrapper.application; path = NativRead.app; sourceTree = BUILT_PRODUCTS_DIR; };
		824F2A8F9CD66A1B18B2CCE5 /* TranslateBookRow.swift */ = {isa = PBXFileReference; lastKnownFileType = sourcecode.swift; path = TranslateBookRow.swift; sourceTree = "<group>"; };
		82D6185C5816C08912362D43 /* SearchServiceTests.swift */ = {isa = PBXFileReference; lastKnownFileType = sourcecode.swift; path = SearchServiceTests.swift; sourceTree = "<group>"; };
		8334DDFB0EC89B8CA5FE234A /* HTMLEntities.swift */ = {isa = PBXFileReference; lastKnownFileType = sourcecode.swift; path = HTMLEntities.swift; sourceTree = "<group>"; };
		8665DC3CA08B5847D28DB270 /* PDFImporter.swift */ = {isa = PBXFileReference; lastKnownFileType = sourcecode.swift; path = PDFImporter.swift; sourceTree = "<group>"; };
		88C982DD6AF5BB044DD035A8 /* ReaderController.swift */ = {isa = PBXFileReference; lastKnownFileType = sourcecode.swift; path = ReaderController.swift; sourceTree = "<group>"; };
		8E3DD2D260F0168109C78553 /* SheetChromeUITests.swift */ = {isa = PBXFileReference; lastKnownFileType = sourcecode.swift; path = SheetChromeUITests.swift; sourceTree = "<group>"; };
		8E47E40FB90CDA826FF9F815 /* KF8EPUBWriter.swift */ = {isa = PBXFileReference; lastKnownFileType = sourcecode.swift; path = KF8EPUBWriter.swift; sourceTree = "<group>"; };
		8E778C75AE957084A598BF12 /* TranslateHomeView.swift */ = {isa = PBXFileReference; lastKnownFileType = sourcecode.swift; path = TranslateHomeView.swift; sourceTree = "<group>"; };
		8E8EC0EDA2268305239B1A86 /* ReaderControllerScrollLockTests.swift */ = {isa = PBXFileReference; lastKnownFileType = sourcecode.swift; path = ReaderControllerScrollLockTests.swift; sourceTree = "<group>"; };
		9098361DD855799D2D049298 /* quote-golden.json */ = {isa = PBXFileReference; lastKnownFileType = text.json; path = "quote-golden.json"; sourceTree = "<group>"; };
		91EF7163B173DC44C2FCD21A /* Signing.xcconfig */ = {isa = PBXFileReference; lastKnownFileType = text.xcconfig; path = Signing.xcconfig; sourceTree = "<group>"; };
		935636378A69FC52051C2E8A /* TranslationStoreTests.swift */ = {isa = PBXFileReference; lastKnownFileType = sourcecode.swift; path = TranslationStoreTests.swift; sourceTree = "<group>"; };
		94400FAC7EA31B1D3DD9C8E4 /* MOBIHeader.swift */ = {isa = PBXFileReference; lastKnownFileType = sourcecode.swift; path = MOBIHeader.swift; sourceTree = "<group>"; };
		9618E5D60FFF19AD79A907DF /* SettingsStoreOnboardingTests.swift */ = {isa = PBXFileReference; lastKnownFileType = sourcecode.swift; path = SettingsStoreOnboardingTests.swift; sourceTree = "<group>"; };
		9664F6B66A84BE969D74BB00 /* ContentsSheet.swift */ = {isa = PBXFileReference; lastKnownFileType = sourcecode.swift; path = ContentsSheet.swift; sourceTree = "<group>"; };
		999A22A5C2C48AF33C484A9A /* PDFReaderView.swift */ = {isa = PBXFileReference; lastKnownFileType = sourcecode.swift; path = PDFReaderView.swift; sourceTree = "<group>"; };
		9AF8A100A2EFC24FF336A12D /* alice-wonderland-en.epub */ = {isa = PBXFileReference; path = "alice-wonderland-en.epub"; sourceTree = "<group>"; };
		9BC8BCE0617772088CEA5BC3 /* AIProcessingConsentView.swift */ = {isa = PBXFileReference; lastKnownFileType = sourcecode.swift; path = AIProcessingConsentView.swift; sourceTree = "<group>"; };
		9EB1E7EFC740D1288EB2DDB7 /* sample-nocover.epub */ = {isa = PBXFileReference; path = "sample-nocover.epub"; sourceTree = "<group>"; };
		A12EBFC8F29368E79EF5A394 /* ReaderStyle.swift */ = {isa = PBXFileReference; lastKnownFileType = sourcecode.swift; path = ReaderStyle.swift; sourceTree = "<group>"; };
		A1FB9D3321C07AD573B5F7FB /* PDFReaderSheets.swift */ = {isa = PBXFileReference; lastKnownFileType = sourcecode.swift; path = PDFReaderSheets.swift; sourceTree = "<group>"; };
		A41020F1B417C212E4BD170E /* ReaderControlStyle.swift */ = {isa = PBXFileReference; lastKnownFileType = sourcecode.swift; path = ReaderControlStyle.swift; sourceTree = "<group>"; };
		A5828C6CA5147F906FCE0AF5 /* PDFReaderViewModel.swift */ = {isa = PBXFileReference; lastKnownFileType = sourcecode.swift; path = PDFReaderViewModel.swift; sourceTree = "<group>"; };
		A62273492171E9BF78F8FF14 /* NightInvertPDFPage.swift */ = {isa = PBXFileReference; lastKnownFileType = sourcecode.swift; path = NightInvertPDFPage.swift; sourceTree = "<group>"; };
		A6B27D75C34320B39AA5A63F /* NativReadTests.xctest */ = {isa = PBXFileReference; includeInIndex = 0; lastKnownFileType = wrapper.cfbundle; path = NativReadTests.xctest; sourceTree = BUILT_PRODUCTS_DIR; };
		A71A417C7DD4484C45ED2DDB /* PDFReaderUITests.swift */ = {isa = PBXFileReference; lastKnownFileType = sourcecode.swift; path = PDFReaderUITests.swift; sourceTree = "<group>"; };
		A80A3FEC46EE3C3E5D16A23C /* HighlightExport.swift */ = {isa = PBXFileReference; lastKnownFileType = sourcecode.swift; path = HighlightExport.swift; sourceTree = "<group>"; };
		A919EE1E4F6BA96D721FDF1E /* AppShowcaseScreenshotUITests.swift */ = {isa = PBXFileReference; lastKnownFileType = sourcecode.swift; path = AppShowcaseScreenshotUITests.swift; sourceTree = "<group>"; };
		A9581E454641184FACD5B0A7 /* TranslationPlanCard.swift */ = {isa = PBXFileReference; lastKnownFileType = sourcecode.swift; path = TranslationPlanCard.swift; sourceTree = "<group>"; };
		ABCE4D3E0E7C885742C36076 /* EPUBParser.swift */ = {isa = PBXFileReference; lastKnownFileType = sourcecode.swift; path = EPUBParser.swift; sourceTree = "<group>"; };
		AD04F7AE9F57F58B398F1388 /* BookCard.swift */ = {isa = PBXFileReference; lastKnownFileType = sourcecode.swift; path = BookCard.swift; sourceTree = "<group>"; };
		AE3E33A772E354A9A53742B8 /* EPUBParserTests.swift */ = {isa = PBXFileReference; lastKnownFileType = sourcecode.swift; path = EPUBParserTests.swift; sourceTree = "<group>"; };
		AE6BBC89BA3ADC361093487B /* Book.swift */ = {isa = PBXFileReference; lastKnownFileType = sourcecode.swift; path = Book.swift; sourceTree = "<group>"; };
		AE8FB3D38445245A7DA13F36 /* AppControls.swift */ = {isa = PBXFileReference; lastKnownFileType = sourcecode.swift; path = AppControls.swift; sourceTree = "<group>"; };
		AEC15A32266675036D4975B8 /* sample.epub */ = {isa = PBXFileReference; path = sample.epub; sourceTree = "<group>"; };
		AEEB92CFC8AC48578397EC13 /* alice-wunderland-de.epub */ = {isa = PBXFileReference; path = "alice-wunderland-de.epub"; sourceTree = "<group>"; };
		AFD7D2D651AA29B599911ED2 /* ShimmerModifier.swift */ = {isa = PBXFileReference; lastKnownFileType = sourcecode.swift; path = ShimmerModifier.swift; sourceTree = "<group>"; };
		B1F70B6ACF70974969BFC1FD /* TranslationStore.swift */ = {isa = PBXFileReference; lastKnownFileType = sourcecode.swift; path = TranslationStore.swift; sourceTree = "<group>"; };
		B4F528275EF342C818D8CBE5 /* BundleLanguage.swift */ = {isa = PBXFileReference; lastKnownFileType = sourcecode.swift; path = BundleLanguage.swift; sourceTree = "<group>"; };
		B5BA3D36504019BE10524820 /* SkeletonLines.swift */ = {isa = PBXFileReference; lastKnownFileType = sourcecode.swift; path = SkeletonLines.swift; sourceTree = "<group>"; };
		B66ED57B805387E39771FA1B /* TranslationBackendClientTests.swift */ = {isa = PBXFileReference; lastKnownFileType = sourcecode.swift; path = TranslationBackendClientTests.swift; sourceTree = "<group>"; };
		B6EB5922A24C5FAA1F2DB3B3 /* LibraryStore.swift */ = {isa = PBXFileReference; lastKnownFileType = sourcecode.swift; path = LibraryStore.swift; sourceTree = "<group>"; };
		B992500E3C0F70C78777DDBC /* SettingsView.swift */ = {isa = PBXFileReference; lastKnownFileType = sourcecode.swift; path = SettingsView.swift; sourceTree = "<group>"; };
		BAA4FDA1174F0F823A2FDC46 /* NativReadUITests.xctest */ = {isa = PBXFileReference; includeInIndex = 0; lastKnownFileType = wrapper.cfbundle; path = NativReadUITests.xctest; sourceTree = BUILT_PRODUCTS_DIR; };
		BCB3CF79F401B884A70E4327 /* TranslationPriceBands.swift */ = {isa = PBXFileReference; lastKnownFileType = sourcecode.swift; path = TranslationPriceBands.swift; sourceTree = "<group>"; };
		C0B9CA7318D0116BA297D2DC /* LocalizationStoreTests.swift */ = {isa = PBXFileReference; lastKnownFileType = sourcecode.swift; path = LocalizationStoreTests.swift; sourceTree = "<group>"; };
		C315CDE39775B8CBBD7D38AB /* RootView.swift */ = {isa = PBXFileReference; lastKnownFileType = sourcecode.swift; path = RootView.swift; sourceTree = "<group>"; };
		C3731510656BD7A217C4E2E0 /* ReviewPromptPolicy.swift */ = {isa = PBXFileReference; lastKnownFileType = sourcecode.swift; path = ReviewPromptPolicy.swift; sourceTree = "<group>"; };
		C5478EA34C7C58154425C0AF /* TranslationSheet.swift */ = {isa = PBXFileReference; lastKnownFileType = sourcecode.swift; path = TranslationSheet.swift; sourceTree = "<group>"; };
		C593D1DC18AF7A9E41F9CBF4 /* SearchService.swift */ = {isa = PBXFileReference; lastKnownFileType = sourcecode.swift; path = SearchService.swift; sourceTree = "<group>"; };
		C5CB2E6F4600FB25D00FBCF1 /* LibraryStoreTests.swift */ = {isa = PBXFileReference; lastKnownFileType = sourcecode.swift; path = LibraryStoreTests.swift; sourceTree = "<group>"; };
		C68E9C893F107E04BF0F7DE1 /* CormorantGaramond-Italic-VariableFont_wght.ttf */ = {isa = PBXFileReference; lastKnownFileType = file; path = "CormorantGaramond-Italic-VariableFont_wght.ttf"; sourceTree = "<group>"; };
		CAC502B4C8483FD7332F0E24 /* ReaderScripts.swift */ = {isa = PBXFileReference; lastKnownFileType = sourcecode.swift; path = ReaderScripts.swift; sourceTree = "<group>"; };
		D1EB437835ADE4440C44B99B /* SampleDocuments.swift */ = {isa = PBXFileReference; lastKnownFileType = sourcecode.swift; path = SampleDocuments.swift; sourceTree = "<group>"; };
		D359957F32B4177FF7B4A6A2 /* PDFImporterTests.swift */ = {isa = PBXFileReference; lastKnownFileType = sourcecode.swift; path = PDFImporterTests.swift; sourceTree = "<group>"; };
		D63A0A8D0BE67EF9C664F309 /* KF8Converter.swift */ = {isa = PBXFileReference; lastKnownFileType = sourcecode.swift; path = KF8Converter.swift; sourceTree = "<group>"; };
		D649FFEB2C032A311B04CB0E /* ReviewPromptPolicyTests.swift */ = {isa = PBXFileReference; lastKnownFileType = sourcecode.swift; path = ReviewPromptPolicyTests.swift; sourceTree = "<group>"; };
		D67FBA81584DA8779C4D3F2E /* WelcomeView.swift */ = {isa = PBXFileReference; lastKnownFileType = sourcecode.swift; path = WelcomeView.swift; sourceTree = "<group>"; };
		D6E7F8CE07E4A4F7ACBE1F92 /* PrivacyPolicyView.swift */ = {isa = PBXFileReference; lastKnownFileType = sourcecode.swift; path = PrivacyPolicyView.swift; sourceTree = "<group>"; };
		D700C25ED554B11E00663DAF /* TranslationPricing.swift */ = {isa = PBXFileReference; lastKnownFileType = sourcecode.swift; path = TranslationPricing.swift; sourceTree = "<group>"; };
		D8AF8ACCDCE87A8A635301DB /* SourceCharacterCounter.swift */ = {isa = PBXFileReference; lastKnownFileType = sourcecode.swift; path = SourceCharacterCounter.swift; sourceTree = "<group>"; };
		D923E918FA4372E29AEFB313 /* Spacing.swift */ = {isa = PBXFileReference; lastKnownFileType = sourcecode.swift; path = Spacing.swift; sourceTree = "<group>"; };
		DA837B33E5B3DC9FADF4A7B9 /* AppHeaders.swift */ = {isa = PBXFileReference; lastKnownFileType = sourcecode.swift; path = AppHeaders.swift; sourceTree = "<group>"; };
		DE0943165D5C8E74AC6952F7 /* PDFKitView.swift */ = {isa = PBXFileReference; lastKnownFileType = sourcecode.swift; path = PDFKitView.swift; sourceTree = "<group>"; };
		DEEF15C907BAC70AC799C954 /* KF8RejectionTests.swift */ = {isa = PBXFileReference; lastKnownFileType = sourcecode.swift; path = KF8RejectionTests.swift; sourceTree = "<group>"; };
		E123D7ED2F5FB1DBB2C92A78 /* CrimsonPro-VariableFont_wght.ttf */ = {isa = PBXFileReference; lastKnownFileType = file; path = "CrimsonPro-VariableFont_wght.ttf"; sourceTree = "<group>"; };
		E1A6FE9867A998CF6B1A49EF /* PageCurl.metal */ = {isa = PBXFileReference; lastKnownFileType = sourcecode.metal; path = PageCurl.metal; sourceTree = "<group>"; };
		E3A1D6B115206633B1644A47 /* NativReadApp.swift */ = {isa = PBXFileReference; lastKnownFileType = sourcecode.swift; path = NativReadApp.swift; sourceTree = "<group>"; };
		E540AC33E0FFF34697C3C408 /* ReaderSettings.swift */ = {isa = PBXFileReference; lastKnownFileType = sourcecode.swift; path = ReaderSettings.swift; sourceTree = "<group>"; };
		EA69A039DC372B635168FE81 /* TermsOfUseView.swift */ = {isa = PBXFileReference; lastKnownFileType = sourcecode.swift; path = TermsOfUseView.swift; sourceTree = "<group>"; };
		EF3718D66D73D3079B10E989 /* TypographyPanel.swift */ = {isa = PBXFileReference; lastKnownFileType = sourcecode.swift; path = TypographyPanel.swift; sourceTree = "<group>"; };
		F337CA2782389E1AE635DB1D /* TextImporter.swift */ = {isa = PBXFileReference; lastKnownFileType = sourcecode.swift; path = TextImporter.swift; sourceTree = "<group>"; };
		F33A0870F1710ACFA41E5811 /* alice-csodaorszagban-hu.epub */ = {isa = PBXFileReference; path = "alice-csodaorszagban-hu.epub"; sourceTree = "<group>"; };
		F34308C87AC2F0AFA27FCF2C /* SearchSheet.swift */ = {isa = PBXFileReference; lastKnownFileType = sourcecode.swift; path = SearchSheet.swift; sourceTree = "<group>"; };
		F498F7C385D172EC7772816B /* PricingStore.swift */ = {isa = PBXFileReference; lastKnownFileType = sourcecode.swift; path = PricingStore.swift; sourceTree = "<group>"; };
		F5CF6734BF44978AE0E87D71 /* Localizable.xcstrings */ = {isa = PBXFileReference; lastKnownFileType = text.json.xcstrings; path = Localizable.xcstrings; sourceTree = "<group>"; };
		F62898CFA133A44122E9AB3D /* CurlEngineContractTests.swift */ = {isa = PBXFileReference; lastKnownFileType = sourcecode.swift; path = CurlEngineContractTests.swift; sourceTree = "<group>"; };
		F6C7AB5DB7D76129E39F0CBB /* OnboardingLaunchUITests.swift */ = {isa = PBXFileReference; lastKnownFileType = sourcecode.swift; path = OnboardingLaunchUITests.swift; sourceTree = "<group>"; };
		FFA9C96ACF60C48577463123 /* ModelTests.swift */ = {isa = PBXFileReference; lastKnownFileType = sourcecode.swift; path = ModelTests.swift; sourceTree = "<group>"; };
/* End PBXFileReference section */

/* Begin PBXFrameworksBuildPhase section */
		566AB4EFEEF8D4EEC1CC45B6 /* Frameworks */ = {
			isa = PBXFrameworksBuildPhase;
			buildActionMask = 2147483647;
			files = (
				9766E731FB075B7F3A299E20 /* ZIPFoundation in Frameworks */,
			);
			runOnlyForDeploymentPostprocessing = 0;
		};
/* End PBXFrameworksBuildPhase section */

/* Begin PBXGroup section */
		107A1740B608AE02DE623D62 /* Translation */ = {
			isa = PBXGroup;
			children = (
				9BC8BCE0617772088CEA5BC3 /* AIProcessingConsentView.swift */,
				824F2A8F9CD66A1B18B2CCE5 /* TranslateBookRow.swift */,
				8E778C75AE957084A598BF12 /* TranslateHomeView.swift */,
				A9581E454641184FACD5B0A7 /* TranslationPlanCard.swift */,
				BCB3CF79F401B884A70E4327 /* TranslationPriceBands.swift */,
				C5478EA34C7C58154425C0AF /* TranslationSheet.swift */,
			);
			path = Translation;
			sourceTree = "<group>";
		};
		11AE22266DC8760E2B57FA5E /* NativReadTests */ = {
			isa = PBXGroup;
			children = (
				0787158B182D1EB09F5B088D /* BookFormatTests.swift */,
				F62898CFA133A44122E9AB3D /* CurlEngineContractTests.swift */,
				18840D30D236F120F4238BAE /* EPUBArchiveValidatorTests.swift */,
				65105E04DAC5AC9BA3F03B23 /* EPUBFixtures.swift */,
				AE3E33A772E354A9A53742B8 /* EPUBParserTests.swift */,
				49D3220F69D9F23369A91546 /* HighlightExportTests.swift */,
				1931BDF5DB21F97682DA0864 /* KF8ComponentTests.swift */,
				6864F0AF543B427F26EFE3BC /* KF8ConverterTests.swift */,
				DEEF15C907BAC70AC799C954 /* KF8RejectionTests.swift */,
				C5CB2E6F4600FB25D00FBCF1 /* LibraryStoreTests.swift */,
				C0B9CA7318D0116BA297D2DC /* LocalizationStoreTests.swift */,
				FFA9C96ACF60C48577463123 /* ModelTests.swift */,
				30281EBCD82CA3ABA889FBC4 /* NightInvertTests.swift */,
				D359957F32B4177FF7B4A6A2 /* PDFImporterTests.swift */,
				4CE049205205670B1BD37AE3 /* PDFReaderViewModelTests.swift */,
				522FA999BD614D0D06D1E485 /* QuoteGoldenTests.swift */,
				8E8EC0EDA2268305239B1A86 /* ReaderControllerScrollLockTests.swift */,
				D649FFEB2C032A311B04CB0E /* ReviewPromptPolicyTests.swift */,
				82D6185C5816C08912362D43 /* SearchServiceTests.swift */,
				9618E5D60FFF19AD79A907DF /* SettingsStoreOnboardingTests.swift */,
				4CB09CDDA20ADD37EA4ADFD8 /* TextImporterTests.swift */,
				B66ED57B805387E39771FA1B /* TranslationBackendClientTests.swift */,
				7371B41AD90FC83B44045981 /* TranslationPricingTests.swift */,
				935636378A69FC52051C2E8A /* TranslationStoreTests.swift */,
				CFC7B70C05B2EBD3BCBBDEF7 /* Fixtures */,
			);
			path = NativReadTests;
			sourceTree = "<group>";
		};
		121A6303C561FA06C77708D8 /* Products */ = {
			isa = PBXGroup;
			children = (
				80C095780ADBB3F69B0F75DB /* NativRead.app */,
				A6B27D75C34320B39AA5A63F /* NativReadTests.xctest */,
				BAA4FDA1174F0F823A2FDC46 /* NativReadUITests.xctest */,
			);
			name = Products;
			sourceTree = "<group>";
		};
		189A82A05F4BEF828AC36368 /* Onboarding */ = {
			isa = PBXGroup;
			children = (
				7855506FD1362610B1BB347C /* OnboardingArt.swift */,
				8030BF092827A2818C316D96 /* OnboardingModePreview.swift */,
				C315CDE39775B8CBBD7D38AB /* RootView.swift */,
				D67FBA81584DA8779C4D3F2E /* WelcomeView.swift */,
			);
			path = Onboarding;
			sourceTree = "<group>";
		};
		20EAA6E037AFA8E0005A498A /* Services */ = {
			isa = PBXGroup;
			children = (
				69C90DF03786DD503F6F0D04 /* BookPurchaseStore.swift */,
				B4F528275EF342C818D8CBE5 /* BundleLanguage.swift */,
				5D69523F5D9CF07E236863CF /* Gunzip.swift */,
				A80A3FEC46EE3C3E5D16A23C /* HighlightExport.swift */,
				66D69E73702E7A6A47DAC579 /* HighlightingWebView.swift */,
				B6EB5922A24C5FAA1F2DB3B3 /* LibraryStore.swift */,
				4162EB7E366B8A9451EB8916 /* LocalizationStore.swift */,
				A62273492171E9BF78F8FF14 /* NightInvertPDFPage.swift */,
				8665DC3CA08B5847D28DB270 /* PDFImporter.swift */,
				F498F7C385D172EC7772816B /* PricingStore.swift */,
				88C982DD6AF5BB044DD035A8 /* ReaderController.swift */,
				CAC502B4C8483FD7332F0E24 /* ReaderScripts.swift */,
				A12EBFC8F29368E79EF5A394 /* ReaderStyle.swift */,
				C3731510656BD7A217C4E2E0 /* ReviewPromptPolicy.swift */,
				D1EB437835ADE4440C44B99B /* SampleDocuments.swift */,
				C593D1DC18AF7A9E41F9CBF4 /* SearchService.swift */,
				272FD4C62C52D84DF5B3A482 /* SettingsStore.swift */,
				F337CA2782389E1AE635DB1D /* TextImporter.swift */,
				0A24A7A30DE0DDE852F3C7DA /* TranslationBackendClient.swift */,
				B1F70B6ACF70974969BFC1FD /* TranslationStore.swift */,
			);
			path = Services;
			sourceTree = "<group>";
		};
		4C938ED9173B9084E3F2144A /* Components */ = {
			isa = PBXGroup;
			children = (
				07E34D0D4B58C307DCC0B622 /* LoadingOverlay.swift */,
				AFD7D2D651AA29B599911ED2 /* ShimmerModifier.swift */,
				B5BA3D36504019BE10524820 /* SkeletonLines.swift */,
			);
			path = Components;
			sourceTree = "<group>";
		};
		4C9EABA11C735B1B6C305FA8 /* EPUB */ = {
			isa = PBXGroup;
			children = (
				7D816DEF95D64CD0D997D7FB /* EPUBArchiveValidator.swift */,
				6144E62ED58E5E8641915B27 /* EPUBModels.swift */,
				ABCE4D3E0E7C885742C36076 /* EPUBParser.swift */,
				460053620CC1DE7B473BDD28 /* EPUBXMLDelegates.swift */,
				3F3103BCC7A74EBC0909A379 /* HTMLBlockScanner.swift */,
				8334DDFB0EC89B8CA5FE234A /* HTMLEntities.swift */,
				D63A0A8D0BE67EF9C664F309 /* KF8Converter.swift */,
				8E47E40FB90CDA826FF9F815 /* KF8EPUBWriter.swift */,
				12C5115E4B383FC60CF07FA8 /* MOBI6Converter.swift */,
				94400FAC7EA31B1D3DD9C8E4 /* MOBIHeader.swift */,
				1F0FF99935EA31EC97ECA580 /* MOBIIndex.swift */,
				6973A0658B222854210AF6D3 /* PalmDatabase.swift */,
				0CDFBFF2637F610C6E00BCC5 /* PalmDocDecompressor.swift */,
				D8AF8ACCDCE87A8A635301DB /* SourceCharacterCounter.swift */,
			);
			path = EPUB;
			sourceTree = "<group>";
		};
		55D9BA7822C15637DAB0713E /* Models */ = {
			isa = PBXGroup;
			children = (
				AE6BBC89BA3ADC361093487B /* Book.swift */,
				7EE245525870D0963B4EC11C /* Color+Hex.swift */,
				E540AC33E0FFF34697C3C408 /* ReaderSettings.swift */,
				06ECFA9B1703A142DD7E8E90 /* TranslationJob.swift */,
				D700C25ED554B11E00663DAF /* TranslationPricing.swift */,
				47FC64C7529CF2540CE31F4A /* TranslationPrivacy.swift */,
			);
			path = Models;
			sourceTree = "<group>";
		};
		6C88BCDC193F3AC77B528FE8 /* Fonts */ = {
			isa = PBXGroup;
			children = (
				3710A1A340C11A0CF5ECD0D2 /* Cinzel-VariableFont_wght.ttf */,
				C68E9C893F107E04BF0F7DE1 /* CormorantGaramond-Italic-VariableFont_wght.ttf */,
				743BCB6AC687298A44D6AB41 /* CormorantGaramond-VariableFont_wght.ttf */,
				75D03E4D1200C73A83619A03 /* CREDITS.txt */,
				E123D7ED2F5FB1DBB2C92A78 /* CrimsonPro-VariableFont_wght.ttf */,
				1C3042BC774E758D1712935C /* OFL.txt */,
			);
			path = Fonts;
			sourceTree = "<group>";
		};
		77AE2507409057E627F73288 /* nativread */ = {
			isa = PBXGroup;
			children = (
				91EF7163B173DC44C2FCD21A /* Signing.xcconfig */,
			);
			name = nativread;
			path = .;
			sourceTree = "<group>";
		};
		9772ED810472B21CB9F879A5 = {
			isa = PBXGroup;
			children = (
				F3CF95DE89DA38AEBD173053 /* NativRead */,
				77AE2507409057E627F73288 /* nativread */,
				11AE22266DC8760E2B57FA5E /* NativReadTests */,
				A3C05BA8CFF3CC7CF1B2B6DF /* NativReadUITests */,
				121A6303C561FA06C77708D8 /* Products */,
			);
			sourceTree = "<group>";
		};
		A3C05BA8CFF3CC7CF1B2B6DF /* NativReadUITests */ = {
			isa = PBXGroup;
			children = (
				A919EE1E4F6BA96D721FDF1E /* AppShowcaseScreenshotUITests.swift */,
				6C375DC7EFBCBE7E198F72C6 /* AppTabs.swift */,
				F6C7AB5DB7D76129E39F0CBB /* OnboardingLaunchUITests.swift */,
				0AC0BF3780724C07D4DD9206 /* OnboardingUITests.swift */,
				A71A417C7DD4484C45ED2DDB /* PDFReaderUITests.swift */,
				78405DE02864A465476B0E50 /* ReaderJourneyUITests.swift */,
				8E3DD2D260F0168109C78553 /* SheetChromeUITests.swift */,
			);
			path = NativReadUITests;
			sourceTree = "<group>";
		};
		C5330B4DAD379AEBD726C5C1 /* Reader */ = {
			isa = PBXGroup;
			children = (
				9664F6B66A84BE969D74BB00 /* ContentsSheet.swift */,
				DE0943165D5C8E74AC6952F7 /* PDFKitView.swift */,
				A1FB9D3321C07AD573B5F7FB /* PDFReaderSheets.swift */,
				999A22A5C2C48AF33C484A9A /* PDFReaderView.swift */,
				A5828C6CA5147F906FCE0AF5 /* PDFReaderViewModel.swift */,
				17F6B80FC78A1664D904F760 /* ReaderAppearanceControls.swift */,
				A41020F1B417C212E4BD170E /* ReaderControlStyle.swift */,
				33C7CD7546ABA5930344A94E /* ReaderView.swift */,
				4070FDA74FC7D4E62B74BF47 /* ReaderViewModel.swift */,
				66AF8DF5A31C8D521804C225 /* ReaderWebView.swift */,
				F34308C87AC2F0AFA27FCF2C /* SearchSheet.swift */,
				EF3718D66D73D3079B10E989 /* TypographyPanel.swift */,
			);
			path = Reader;
			sourceTree = "<group>";
		};
		CFC7B70C05B2EBD3BCBBDEF7 /* Fixtures */ = {
			isa = PBXGroup;
			children = (
				44E05F3B910691CBE0A38D01 /* alice.azw3 */,
				9098361DD855799D2D049298 /* quote-golden.json */,
			);
			path = Fixtures;
			sourceTree = "<group>";
		};
		CFF9AEAB32B0E4D6320FF245 /* Views */ = {
			isa = PBXGroup;
			children = (
				091C4DA3F9A65DF2AC8A30BF /* AppTabView.swift */,
				4C938ED9173B9084E3F2144A /* Components */,
				DD759CCBC80C01CE97825C9B /* Library */,
				189A82A05F4BEF828AC36368 /* Onboarding */,
				C5330B4DAD379AEBD726C5C1 /* Reader */,
				F9B2808771F957AE28888511 /* Settings */,
				107A1740B608AE02DE623D62 /* Translation */,
			);
			path = Views;
			sourceTree = "<group>";
		};
		DD759CCBC80C01CE97825C9B /* Library */ = {
			isa = PBXGroup;
			children = (
				AD04F7AE9F57F58B398F1388 /* BookCard.swift */,
				7605BEA0A25C671DB4F3A74E /* LibraryView.swift */,
			);
			path = Library;
			sourceTree = "<group>";
		};
		E28B32053D7197ED5F0DD6AC /* Resources */ = {
			isa = PBXGroup;
			children = (
				06E4703180D92FB621603456 /* Assets.xcassets */,
				F5CF6734BF44978AE0E87D71 /* Localizable.xcstrings */,
				EB3DFD90FCDD4275AE99C14C /* Fixtures */,
				6C88BCDC193F3AC77B528FE8 /* Fonts */,
			);
			path = Resources;
			sourceTree = "<group>";
		};
		EA5C6FEC884CC2323848EB25 /* DesignSystem */ = {
			isa = PBXGroup;
			children = (
				AE8FB3D38445245A7DA13F36 /* AppControls.swift */,
				DA837B33E5B3DC9FADF4A7B9 /* AppHeaders.swift */,
				064ABF5A2197B06035181EAE /* AppRows.swift */,
				039D85E7CC1F09475A8E8FD6 /* BrandPalette.swift */,
				E1A6FE9867A998CF6B1A49EF /* PageCurl.metal */,
				20CA89A7083CC7170A2D8A7C /* PaletteColors.swift */,
				D923E918FA4372E29AEFB313 /* Spacing.swift */,
				1E14E413519C6AB9EC89C454 /* Typography.swift */,
			);
			path = DesignSystem;
			sourceTree = "<group>";
		};
		EB3DFD90FCDD4275AE99C14C /* Fixtures */ = {
			isa = PBXGroup;
			children = (
				F33A0870F1710ACFA41E5811 /* alice-csodaorszagban-hu.epub */,
				9AF8A100A2EFC24FF336A12D /* alice-wonderland-en.epub */,
				629BD195E75EF83F623C0BF6 /* alice-wonderland-standard-en.epub */,
				AEEB92CFC8AC48578397EC13 /* alice-wunderland-de.epub */,
				6E606134B7B8F30E367F91A4 /* pal-utcai-fiuk-gutenberg-hu.epub */,
				9EB1E7EFC740D1288EB2DDB7 /* sample-nocover.epub */,
				AEC15A32266675036D4975B8 /* sample.epub */,
			);
			path = Fixtures;
			sourceTree = "<group>";
		};
		F3CF95DE89DA38AEBD173053 /* NativRead */ = {
			isa = PBXGroup;
			children = (
				1B110E1CEA86249B2D69CB75 /* Info.plist */,
				41C515AB3391858F18B8A382 /* NativRead.entitlements */,
				E3A1D6B115206633B1644A47 /* NativReadApp.swift */,
				EA5C6FEC884CC2323848EB25 /* DesignSystem */,
				4C9EABA11C735B1B6C305FA8 /* EPUB */,
				55D9BA7822C15637DAB0713E /* Models */,
				E28B32053D7197ED5F0DD6AC /* Resources */,
				20EAA6E037AFA8E0005A498A /* Services */,
				CFF9AEAB32B0E4D6320FF245 /* Views */,
			);
			path = NativRead;
			sourceTree = "<group>";
		};
		F9B2808771F957AE28888511 /* Settings */ = {
			isa = PBXGroup;
			children = (
				4EE9B87C7751639FB66F9B2A /* AccountDeletionAuthorizationView.swift */,
				106EEDB0A05BB18919998A14 /* LicensesView.swift */,
				D6E7F8CE07E4A4F7ACBE1F92 /* PrivacyPolicyView.swift */,
				37B36261B2C20184C2917AA9 /* SettingsComponents.swift */,
				B992500E3C0F70C78777DDBC /* SettingsView.swift */,
				EA69A039DC372B635168FE81 /* TermsOfUseView.swift */,
			);
			path = Settings;
			sourceTree = "<group>";
		};
/* End PBXGroup section */

/* Begin PBXNativeTarget section */
		6C92D9FAD05A61EA008E0446 /* NativReadTests */ = {
			isa = PBXNativeTarget;
			buildConfigurationList = 4A904A66A0C17B4FCE47B972 /* Build configuration list for PBXNativeTarget "NativReadTests" */;
			buildPhases = (
				CF67C0BFA2B23D236D93707D /* Sources */,
				52EB6664404074B9046FDFF3 /* Resources */,
			);
			buildRules = (
			);
			dependencies = (
				F6700480F89F0A92B7984B5A /* PBXTargetDependency */,
			);
			name = NativReadTests;
			packageProductDependencies = (
			);
			productName = NativReadTests;
			productReference = A6B27D75C34320B39AA5A63F /* NativReadTests.xctest */;
			productType = "com.apple.product-type.bundle.unit-test";
		};
		AE8851C4CA331BECC55F5555 /* NativReadUITests */ = {
			isa = PBXNativeTarget;
			buildConfigurationList = D42F44A941A905F5796E9DBA /* Build configuration list for PBXNativeTarget "NativReadUITests" */;
			buildPhases = (
				2B9A9B89316D4CD37A9BA686 /* Sources */,
			);
			buildRules = (
			);
			dependencies = (
				3F766C047175C1429AEC6195 /* PBXTargetDependency */,
			);
			name = NativReadUITests;
			packageProductDependencies = (
			);
			productName = NativReadUITests;
			productReference = BAA4FDA1174F0F823A2FDC46 /* NativReadUITests.xctest */;
			productType = "com.apple.product-type.bundle.ui-testing";
		};
		BC53282B8FD26283E48AA5C3 /* NativRead */ = {
			isa = PBXNativeTarget;
			buildConfigurationList = DABE2DACA09777841A967F86 /* Build configuration list for PBXNativeTarget "NativRead" */;
			buildPhases = (
				1837AD3062F48337805B0A30 /* Sources */,
				DB3887E3188781F401316B9E /* Resources */,
				566AB4EFEEF8D4EEC1CC45B6 /* Frameworks */,
			);
			buildRules = (
			);
			dependencies = (
			);
			name = NativRead;
			packageProductDependencies = (
				053C8F4DEE72AB804CB55AE7 /* ZIPFoundation */,
			);
			productName = NativRead;
			productReference = 80C095780ADBB3F69B0F75DB /* NativRead.app */;
			productType = "com.apple.product-type.application";
		};
/* End PBXNativeTarget section */

/* Begin PBXProject section */
		B641C90DB18E13BD3695FDF2 /* Project object */ = {
			isa = PBXProject;
			attributes = {
				BuildIndependentTargetsInParallel = YES;
				LastUpgradeCheck = 1430;
				TargetAttributes = {
					AE8851C4CA331BECC55F5555 = {
						TestTargetID = BC53282B8FD26283E48AA5C3;
					};
					BC53282B8FD26283E48AA5C3 = {
						DevelopmentTeam = 734NXGG7N6;
						ProvisioningStyle = Automatic;
					};
				};
			};
			buildConfigurationList = F660E99128801150A393208C /* Build configuration list for PBXProject "NativRead" */;
			developmentRegion = en;
			hasScannedForEncodings = 0;
			knownRegions = (
				Base,
				en,
				hu,
			);
			mainGroup = 9772ED810472B21CB9F879A5;
			minimizedProjectReferenceProxies = 1;
			packageReferences = (
				67B0138FF883B0FEDD85D4C7 /* XCRemoteSwiftPackageReference "ZIPFoundation" */,
			);
			preferredProjectObjectVersion = 77;
			productRefGroup = 121A6303C561FA06C77708D8 /* Products */;
			projectDirPath = "";
			projectRoot = "";
			targets = (
				BC53282B8FD26283E48AA5C3 /* NativRead */,
				6C92D9FAD05A61EA008E0446 /* NativReadTests */,
				AE8851C4CA331BECC55F5555 /* NativReadUITests */,
			);
		};
/* End PBXProject section */

/* Begin PBXResourcesBuildPhase section */
		52EB6664404074B9046FDFF3 /* Resources */ = {
			isa = PBXResourcesBuildPhase;
			buildActionMask = 2147483647;
			files = (
				3695F41543F83549ECF3DA10 /* alice.azw3 in Resources */,
				53C6941A56135A600F0F57AE /* quote-golden.json in Resources */,
			);
			runOnlyForDeploymentPostprocessing = 0;
		};
		DB3887E3188781F401316B9E /* Resources */ = {
			isa = PBXResourcesBuildPhase;
			buildActionMask = 2147483647;
			files = (
				3C8C6C17B1CBD9684A691E3E /* Assets.xcassets in Resources */,
				E536C100C54016CBFD07A2B7 /* CREDITS.txt in Resources */,
				FC54328EB36E9391809C9753 /* Cinzel-VariableFont_wght.ttf in Resources */,
				CF3444B3F0FCDBB792A7F4B9 /* CormorantGaramond-Italic-VariableFont_wght.ttf in Resources */,
				E2B9B1545C21C0766F474FE0 /* CormorantGaramond-VariableFont_wght.ttf in Resources */,
				1C0F1F3293A2A9DEBB118521 /* CrimsonPro-VariableFont_wght.ttf in Resources */,
				C87F139879F355968B1E5D2E /* Localizable.xcstrings in Resources */,
				BCE33E25AE0E32FA4C4D0A1B /* OFL.txt in Resources */,
				66E30837DBFE99D2229B564F /* alice-csodaorszagban-hu.epub in Resources */,
				1885A21DC9DB7E5A639FC484 /* alice-wonderland-en.epub in Resources */,
				16DEF934575B9875AC377976 /* alice-wonderland-standard-en.epub in Resources */,
				939E5EB02D7036585877694B /* alice-wunderland-de.epub in Resources */,
				DB3D8D29877B74D3F94B741E /* pal-utcai-fiuk-gutenberg-hu.epub in Resources */,
				8C1BAD9D6B779415E78C5D87 /* sample-nocover.epub in Resources */,
				9D21A199DD5F7A0DC352145B /* sample.epub in Resources */,
			);
			runOnlyForDeploymentPostprocessing = 0;
		};
/* End PBXResourcesBuildPhase section */

/* Begin PBXSourcesBuildPhase section */
		1837AD3062F48337805B0A30 /* Sources */ = {
			isa = PBXSourcesBuildPhase;
			buildActionMask = 2147483647;
			files = (
				36391E157E377F7B2710D808 /* AIProcessingConsentView.swift in Sources */,
				A9BB974E289EF18798594AC7 /* AccountDeletionAuthorizationView.swift in Sources */,
				706FCA0F78232FECA1EBB5AD /* AppControls.swift in Sources */,
				34FCCC0597579BADD5E79DF5 /* AppHeaders.swift in Sources */,
				20744C67D50ED176FC47FA42 /* AppRows.swift in Sources */,
				53BE124407C14B55550FC3D4 /* AppTabView.swift in Sources */,
				2FCC253188B79CF962509D48 /* Book.swift in Sources */,
				CE9C3D5CBFB27125CD7E6981 /* BookCard.swift in Sources */,
				5FD870D8B0638A678408E0C3 /* BookPurchaseStore.swift in Sources */,
				4422700A3AECE99C64C2DB14 /* BrandPalette.swift in Sources */,
				2184774BE3E462659F417DCE /* BundleLanguage.swift in Sources */,
				927E4BD94F3E2CCAFAAF83D3 /* Color+Hex.swift in Sources */,
				B7392D9F90733E3A3AB0B21A /* ContentsSheet.swift in Sources */,
				5ACFEF49DEE2E69651C5B166 /* EPUBArchiveValidator.swift in Sources */,
				7774A973A4DFB45D6DFE2949 /* EPUBModels.swift in Sources */,
				AB3EABC70EC9B81C305FF4F2 /* EPUBParser.swift in Sources */,
				7711FECEC2976FB762599BB9 /* EPUBXMLDelegates.swift in Sources */,
				EAD5BB2DB0BFAC3325A2803B /* Gunzip.swift in Sources */,
				59C8E8AEA0E8BCF78AC9D452 /* HTMLBlockScanner.swift in Sources */,
				E9656E65C5982A3C1B72288B /* HTMLEntities.swift in Sources */,
				A131EBDD6659BC27D68A316D /* HighlightExport.swift in Sources */,
				FBE220C4137EBB5686481428 /* HighlightingWebView.swift in Sources */,
				31CEA54782423515F6B0D39B /* KF8Converter.swift in Sources */,
				2A9047155A2A4CD32FE4C2D1 /* KF8EPUBWriter.swift in Sources */,
				5BF8A4121A4A12C4E0D17D88 /* LibraryStore.swift in Sources */,
				0D9248F7C5E6F544CCE64574 /* LibraryView.swift in Sources */,
				B971FB5AC17B4A8F3247B9D5 /* LicensesView.swift in Sources */,
				0286697DC612D8D5409AE604 /* LoadingOverlay.swift in Sources */,
				F2FC3FA29F62B07C35663D54 /* LocalizationStore.swift in Sources */,
				89198CF2EDDB90B7D80CEA05 /* MOBI6Converter.swift in Sources */,
				544BAD27DD8BF7F5C26D12E5 /* MOBIHeader.swift in Sources */,
				3B6C034E81FDEDF3458EC33C /* MOBIIndex.swift in Sources */,
				9019E1D7C0A4632347B60737 /* NativReadApp.swift in Sources */,
				1C60C6D3FF91E0AC416B5863 /* NightInvertPDFPage.swift in Sources */,
				E5AA724CE15569B378099B64 /* OnboardingArt.swift in Sources */,
				4E0522EEE00CDDDFDE45BE06 /* OnboardingModePreview.swift in Sources */,
				6583EFAEE63A1C04470BEF8F /* PDFImporter.swift in Sources */,
				A273B3FAD1AD9E0DBFCE747B /* PDFKitView.swift in Sources */,
				CC3425E7F741863EE45919BD /* PDFReaderSheets.swift in Sources */,
				58F1D9874E37F7B9538C0BDF /* PDFReaderView.swift in Sources */,
				F861F7071B8960F5BE9E27B6 /* PDFReaderViewModel.swift in Sources */,
				0CF725BEA87F9BF7801C19C7 /* PageCurl.metal in Sources */,
				436FAE95454752B91D9C5D37 /* PaletteColors.swift in Sources */,
				4F23DE9B52EC5AB88D37CEE7 /* PalmDatabase.swift in Sources */,
				FAC53F1AB6B94A0DA558103B /* PalmDocDecompressor.swift in Sources */,
				2862EEBAE31FEB0A84BF957C /* PricingStore.swift in Sources */,
				8A3B16EF459323F119EE12D9 /* PrivacyPolicyView.swift in Sources */,
				432D509B0FC5B17F713A2BD2 /* ReaderAppearanceControls.swift in Sources */,
				E1A251454CD59352C1F590DA /* ReaderControlStyle.swift in Sources */,
				ED68ADE40C78CEDE1536AE42 /* ReaderController.swift in Sources */,
				59FDC72DD1ACA199BBC3E182 /* ReaderScripts.swift in Sources */,
				DF3A19F92CEBEA8FCE1A1CAB /* ReaderSettings.swift in Sources */,
				08529777A1B83AAF22317655 /* ReaderStyle.swift in Sources */,
				62F9050F98EBEB912058A8A2 /* ReaderView.swift in Sources */,
				838BB50A8C455A0F17F12197 /* ReaderViewModel.swift in Sources */,
				BEF81179B15D3C5438603087 /* ReaderWebView.swift in Sources */,
				7389B3C82440A9A469784207 /* ReviewPromptPolicy.swift in Sources */,
				BC6F3977ABC60D3B62A080AF /* RootView.swift in Sources */,
				5AE4A6A32CCD49470350EC2A /* SampleDocuments.swift in Sources */,
				B54AD54DE02F8992B7EFFCAD /* SearchService.swift in Sources */,
				EBCCF8E2C081CD4B54D39190 /* SearchSheet.swift in Sources */,
				1C90A7EFC527E9E3ADBBEDB9 /* SettingsComponents.swift in Sources */,
				25EFECDDEF0F227219773DE8 /* SettingsStore.swift in Sources */,
				D0128E3C495B2DB95AC0570F /* SettingsView.swift in Sources */,
				5AF5F72734468E1E211DB68F /* ShimmerModifier.swift in Sources */,
				23DB9362E52A688275BCC4DA /* SkeletonLines.swift in Sources */,
				F7E587B13060CF92BB5DCAD1 /* SourceCharacterCounter.swift in Sources */,
				05D7FEE3F7C32DBB4446E87F /* Spacing.swift in Sources */,
				B65123C6435B1ED12D00A751 /* TermsOfUseView.swift in Sources */,
				2AEF6D1E8108356C5477D4CE /* TextImporter.swift in Sources */,
				8819B75D6CC2BCE028211168 /* TranslateBookRow.swift in Sources */,
				5258912F1D907326A21A088A /* TranslateHomeView.swift in Sources */,
				203F6EA3CC1C292800B7ACDA /* TranslationBackendClient.swift in Sources */,
				8C658E56A960159065E22F15 /* TranslationJob.swift in Sources */,
				9A84CE1B56B7C0F7702127B1 /* TranslationPlanCard.swift in Sources */,
				9B6C46807DFF455B79837522 /* TranslationPriceBands.swift in Sources */,
				D69593C2F709102C5A89D818 /* TranslationPricing.swift in Sources */,
				B7006EF9EB6876E446BE1A08 /* TranslationPrivacy.swift in Sources */,
				016D35514BB1473DC80D2B7D /* TranslationSheet.swift in Sources */,
				8935545FAEADCBEAEADE86DA /* TranslationStore.swift in Sources */,
				11074FA01D08AF5038A3E921 /* Typography.swift in Sources */,
				596556FB658C2C763F138695 /* TypographyPanel.swift in Sources */,
				8C60E15CDACE5F5B28BCD3AF /* WelcomeView.swift in Sources */,
			);
			runOnlyForDeploymentPostprocessing = 0;
		};
		2B9A9B89316D4CD37A9BA686 /* Sources */ = {
			isa = PBXSourcesBuildPhase;
			buildActionMask = 2147483647;
			files = (
				2C0A75E22C832DC1F10C1340 /* AppShowcaseScreenshotUITests.swift in Sources */,
				59FC6CE608C87D9207E8625B /* AppTabs.swift in Sources */,
				5C01CA1931AF8D098CBA02FF /* OnboardingLaunchUITests.swift in Sources */,
				AFB660D6145618BCF13249EE /* OnboardingUITests.swift in Sources */,
				02D842519704BF5382D4917F /* PDFReaderUITests.swift in Sources */,
				CDE888F798DD77F7B1D20F1D /* ReaderJourneyUITests.swift in Sources */,
				9794FF4B51889E6BC6640AF6 /* SheetChromeUITests.swift in Sources */,
			);
			runOnlyForDeploymentPostprocessing = 0;
		};
		CF67C0BFA2B23D236D93707D /* Sources */ = {
			isa = PBXSourcesBuildPhase;
			buildActionMask = 2147483647;
			files = (
				F87CA4C6CB262DDA04D9C6DC /* BookFormatTests.swift in Sources */,
				96BB96E902CAB980277483D5 /* CurlEngineContractTests.swift in Sources */,
				8AA48DF137D50A8058C09CE5 /* EPUBArchiveValidatorTests.swift in Sources */,
				DAC8489775AB9CEF3AE29DE6 /* EPUBFixtures.swift in Sources */,
				B0AD956B30FBDB0B678628C5 /* EPUBParserTests.swift in Sources */,
				B1B6259AB0BD667224F926F3 /* HighlightExportTests.swift in Sources */,
				D793B2940ECFC0B59BC26492 /* KF8ComponentTests.swift in Sources */,
				4C65D3C1288338074B8C4DBB /* KF8ConverterTests.swift in Sources */,
				2E0B1C35D357EE6D005AD36F /* KF8RejectionTests.swift in Sources */,
				5E82A67F9F5095E254320F72 /* LibraryStoreTests.swift in Sources */,
				1C6AC88471BAC1C100D146AE /* LocalizationStoreTests.swift in Sources */,
				DA3F1CFBC40AD63F710CBE08 /* ModelTests.swift in Sources */,
				9EE5F3E5DA68B83766B24619 /* NightInvertTests.swift in Sources */,
				110BEE6DC77CC22F55AAFDDA /* PDFImporterTests.swift in Sources */,
				D9B25FDE8113AD208840D396 /* PDFReaderViewModelTests.swift in Sources */,
				9FF8A12B05F332E92AD07887 /* QuoteGoldenTests.swift in Sources */,
				1CE28672EC5DAB7DAB0546DA /* ReaderControllerScrollLockTests.swift in Sources */,
				9B57D74E27D6FBE437AE062F /* ReviewPromptPolicyTests.swift in Sources */,
				77C20DBD788454E3B9FB8D7A /* SearchServiceTests.swift in Sources */,
				03A95805D577A37F35F9B476 /* SettingsStoreOnboardingTests.swift in Sources */,
				91BF8D3303D8F8C7DA8C1894 /* TextImporterTests.swift in Sources */,
				02E11AE51AF1A39895F6FE1E /* TranslationBackendClientTests.swift in Sources */,
				1970A393F25E3FCBDC95A887 /* TranslationPricingTests.swift in Sources */,
				0F4F4C9B383AD847003DF69B /* TranslationStoreTests.swift in Sources */,
			);
			runOnlyForDeploymentPostprocessing = 0;
		};
/* End PBXSourcesBuildPhase section */

/* Begin PBXTargetDependency section */
		3F766C047175C1429AEC6195 /* PBXTargetDependency */ = {
			isa = PBXTargetDependency;
			target = BC53282B8FD26283E48AA5C3 /* NativRead */;
			targetProxy = 4B12788D20E33FE1D5E3C068 /* PBXContainerItemProxy */;
		};
		F6700480F89F0A92B7984B5A /* PBXTargetDependency */ = {
			isa = PBXTargetDependency;
			target = BC53282B8FD26283E48AA5C3 /* NativRead */;
			targetProxy = 5F41BCD8D12F767DF2D63047 /* PBXContainerItemProxy */;
		};
/* End PBXTargetDependency section */

/* Begin XCBuildConfiguration section */
		10E6E11DE2D83F18326DC50F /* Release */ = {
			isa = XCBuildConfiguration;
			buildSettings = {
				BUNDLE_LOADER = "$(TEST_HOST)";
				CODE_SIGNING_ALLOWED = NO;
				IPHONEOS_DEPLOYMENT_TARGET = 17.0;
				LD_RUNPATH_SEARCH_PATHS = (
					"$(inherited)",
					"@executable_path/Frameworks",
					"@loader_path/Frameworks",
				);
				PRODUCT_BUNDLE_IDENTIFIER = com.karsai.NativReadUITests;
				SDKROOT = iphoneos;
				TARGETED_DEVICE_FAMILY = "1,2";
				TEST_TARGET_NAME = NativRead;
			};
			name = Release;
		};
		3000B74A2264A97857AA6343 /* Debug */ = {
			isa = XCBuildConfiguration;
			buildSettings = {
				BUNDLE_LOADER = "$(TEST_HOST)";
				CODE_SIGNING_ALLOWED = NO;
				IPHONEOS_DEPLOYMENT_TARGET = 17.0;
				LD_RUNPATH_SEARCH_PATHS = (
					"$(inherited)",
					"@executable_path/Frameworks",
					"@loader_path/Frameworks",
				);
				PRODUCT_BUNDLE_IDENTIFIER = com.karsai.NativReadUITests;
				SDKROOT = iphoneos;
				TARGETED_DEVICE_FAMILY = "1,2";
				TEST_TARGET_NAME = NativRead;
			};
			name = Debug;
		};
		6260D1BF96D6AF99F54363F8 /* Debug */ = {
			isa = XCBuildConfiguration;
			buildSettings = {
				BUNDLE_LOADER = "$(TEST_HOST)";
				CODE_SIGNING_ALLOWED = NO;
				IPHONEOS_DEPLOYMENT_TARGET = 17.0;
				LD_RUNPATH_SEARCH_PATHS = (
					"$(inherited)",
					"@executable_path/Frameworks",
					"@loader_path/Frameworks",
				);
				PRODUCT_BUNDLE_IDENTIFIER = com.karsai.NativReadTests;
				SDKROOT = iphoneos;
				TARGETED_DEVICE_FAMILY = "1,2";
				TEST_HOST = "$(BUILT_PRODUCTS_DIR)/NativRead.app/NativRead";
			};
			name = Debug;
		};
		78D8D17BA06BF9539DF2DACB /* Release */ = {
			isa = XCBuildConfiguration;
			baseConfigurationReference = 91EF7163B173DC44C2FCD21A /* Signing.xcconfig */;
			buildSettings = {
				ASSETCATALOG_COMPILER_APPICON_NAME = AppIcon;
				CODE_SIGN_ENTITLEMENTS = NativRead/NativRead.entitlements;
				CODE_SIGN_IDENTITY = "iPhone Developer";
				CURRENT_PROJECT_VERSION = 9;
				INFOPLIST_FILE = NativRead/Info.plist;
				IPHONEOS_DEPLOYMENT_TARGET = 17.0;
				LD_RUNPATH_SEARCH_PATHS = (
					"$(inherited)",
					"@executable_path/Frameworks",
				);
				MARKETING_VERSION = 3.4.0;
				OTHER_LDFLAGS = "-lz -lsqlite3";
				PRODUCT_BUNDLE_IDENTIFIER = com.karsai.nativread;
				PRODUCT_NAME = NativRead;
				SDKROOT = iphoneos;
				SWIFT_VERSION = 5.9;
				TARGETED_DEVICE_FAMILY = "1,2";
			};
			name = Release;
		};
		930B83E0CB8F20483E2243D5 /* Debug */ = {
			isa = XCBuildConfiguration;
			baseConfigurationReference = 91EF7163B173DC44C2FCD21A /* Signing.xcconfig */;
			buildSettings = {
				ASSETCATALOG_COMPILER_APPICON_NAME = AppIcon;
				CODE_SIGN_ENTITLEMENTS = NativRead/NativRead.entitlements;
				CODE_SIGN_IDENTITY = "iPhone Developer";
				CURRENT_PROJECT_VERSION = 9;
				INFOPLIST_FILE = NativRead/Info.plist;
				IPHONEOS_DEPLOYMENT_TARGET = 17.0;
				LD_RUNPATH_SEARCH_PATHS = (
					"$(inherited)",
					"@executable_path/Frameworks",
				);
				MARKETING_VERSION = 3.4.0;
				OTHER_LDFLAGS = "-lz -lsqlite3";
				PRODUCT_BUNDLE_IDENTIFIER = com.karsai.nativread;
				PRODUCT_NAME = NativRead;
				SDKROOT = iphoneos;
				SWIFT_VERSION = 5.9;
				TARGETED_DEVICE_FAMILY = "1,2";
			};
			name = Debug;
		};
		CD8D14610352FA2137D11582 /* Debug */ = {
			isa = XCBuildConfiguration;
			buildSettings = {
				ALWAYS_SEARCH_USER_PATHS = NO;
				CLANG_ANALYZER_NONNULL = YES;
				CLANG_ANALYZER_NUMBER_OBJECT_CONVERSION = YES_AGGRESSIVE;
				CLANG_CXX_LANGUAGE_STANDARD = "gnu++14";
				CLANG_CXX_LIBRARY = "libc++";
				CLANG_ENABLE_MODULES = YES;
				CLANG_ENABLE_OBJC_ARC = YES;
				CLANG_ENABLE_OBJC_WEAK = YES;
				CLANG_WARN_BLOCK_CAPTURE_AUTORELEASING = YES;
				CLANG_WARN_BOOL_CONVERSION = YES;
				CLANG_WARN_COMMA = YES;
				CLANG_WARN_CONSTANT_CONVERSION = YES;
				CLANG_WARN_DEPRECATED_OBJC_IMPLEMENTATIONS = YES;
				CLANG_WARN_DIRECT_OBJC_ISA_USAGE = YES_ERROR;
				CLANG_WARN_DOCUMENTATION_COMMENTS = YES;
				CLANG_WARN_EMPTY_BODY = YES;
				CLANG_WARN_ENUM_CONVERSION = YES;
				CLANG_WARN_INFINITE_RECURSION = YES;
				CLANG_WARN_INT_CONVERSION = YES;
				CLANG_WARN_NON_LITERAL_NULL_CONVERSION = YES;
				CLANG_WARN_OBJC_IMPLICIT_RETAIN_SELF = YES;
				CLANG_WARN_OBJC_LITERAL_CONVERSION = YES;
				CLANG_WARN_OBJC_ROOT_CLASS = YES_ERROR;
				CLANG_WARN_QUOTED_INCLUDE_IN_FRAMEWORK_HEADER = YES;
				CLANG_WARN_RANGE_LOOP_ANALYSIS = YES;
				CLANG_WARN_STRICT_PROTOTYPES = YES;
				CLANG_WARN_SUSPICIOUS_MOVE = YES;
				CLANG_WARN_UNGUARDED_AVAILABILITY = YES_AGGRESSIVE;
				CLANG_WARN_UNREACHABLE_CODE = YES;
				CLANG_WARN__DUPLICATE_METHOD_MATCH = YES;
				COPY_PHASE_STRIP = NO;
				DEBUG_INFORMATION_FORMAT = dwarf;
				ENABLE_STRICT_OBJC_MSGSEND = YES;
				ENABLE_TESTABILITY = YES;
				GCC_C_LANGUAGE_STANDARD = gnu11;
				GCC_DYNAMIC_NO_PIC = NO;
				GCC_NO_COMMON_BLOCKS = YES;
				GCC_OPTIMIZATION_LEVEL = 0;
				GCC_PREPROCESSOR_DEFINITIONS = (
					"$(inherited)",
					"DEBUG=1",
				);
				GCC_WARN_64_TO_32_BIT_CONVERSION = YES;
				GCC_WARN_ABOUT_RETURN_TYPE = YES_ERROR;
				GCC_WARN_UNDECLARED_SELECTOR = YES;
				GCC_WARN_UNINITIALIZED_AUTOS = YES_AGGRESSIVE;
				GCC_WARN_UNUSED_FUNCTION = YES;
				GCC_WARN_UNUSED_VARIABLE = YES;
				IPHONEOS_DEPLOYMENT_TARGET = 17.0;
				MTL_ENABLE_DEBUG_INFO = INCLUDE_SOURCE;
				MTL_FAST_MATH = YES;
				ONLY_ACTIVE_ARCH = YES;
				PRODUCT_NAME = "$(TARGET_NAME)";
				SDKROOT = iphoneos;
				SWIFT_ACTIVE_COMPILATION_CONDITIONS = DEBUG;
				SWIFT_OPTIMIZATION_LEVEL = "-Onone";
				SWIFT_VERSION = 5.0;
			};
			name = Debug;
		};
		E4F50D1BF4A6E357BCC465A1 /* Release */ = {
			isa = XCBuildConfiguration;
			buildSettings = {
				ALWAYS_SEARCH_USER_PATHS = NO;
				CLANG_ANALYZER_NONNULL = YES;
				CLANG_ANALYZER_NUMBER_OBJECT_CONVERSION = YES_AGGRESSIVE;
				CLANG_CXX_LANGUAGE_STANDARD = "gnu++14";
				CLANG_CXX_LIBRARY = "libc++";
				CLANG_ENABLE_MODULES = YES;
				CLANG_ENABLE_OBJC_ARC = YES;
				CLANG_ENABLE_OBJC_WEAK = YES;
				CLANG_WARN_BLOCK_CAPTURE_AUTORELEASING = YES;
				CLANG_WARN_BOOL_CONVERSION = YES;
				CLANG_WARN_COMMA = YES;
				CLANG_WARN_CONSTANT_CONVERSION = YES;
				CLANG_WARN_DEPRECATED_OBJC_IMPLEMENTATIONS = YES;
				CLANG_WARN_DIRECT_OBJC_ISA_USAGE = YES_ERROR;
				CLANG_WARN_DOCUMENTATION_COMMENTS = YES;
				CLANG_WARN_EMPTY_BODY = YES;
				CLANG_WARN_ENUM_CONVERSION = YES;
				CLANG_WARN_INFINITE_RECURSION = YES;
				CLANG_WARN_INT_CONVERSION = YES;
				CLANG_WARN_NON_LITERAL_NULL_CONVERSION = YES;
				CLANG_WARN_OBJC_IMPLICIT_RETAIN_SELF = YES;
				CLANG_WARN_OBJC_LITERAL_CONVERSION = YES;
				CLANG_WARN_OBJC_ROOT_CLASS = YES_ERROR;
				CLANG_WARN_QUOTED_INCLUDE_IN_FRAMEWORK_HEADER = YES;
				CLANG_WARN_RANGE_LOOP_ANALYSIS = YES;
				CLANG_WARN_STRICT_PROTOTYPES = YES;
				CLANG_WARN_SUSPICIOUS_MOVE = YES;
				CLANG_WARN_UNGUARDED_AVAILABILITY = YES_AGGRESSIVE;
				CLANG_WARN_UNREACHABLE_CODE = YES;
				CLANG_WARN__DUPLICATE_METHOD_MATCH = YES;
				COPY_PHASE_STRIP = NO;
				DEBUG_INFORMATION_FORMAT = "dwarf-with-dsym";
				ENABLE_NS_ASSERTIONS = NO;
				ENABLE_STRICT_OBJC_MSGSEND = YES;
				GCC_C_LANGUAGE_STANDARD = gnu11;
				GCC_NO_COMMON_BLOCKS = YES;
				GCC_WARN_64_TO_32_BIT_CONVERSION = YES;
				GCC_WARN_ABOUT_RETURN_TYPE = YES_ERROR;
				GCC_WARN_UNDECLARED_SELECTOR = YES;
				GCC_WARN_UNINITIALIZED_AUTOS = YES_AGGRESSIVE;
				GCC_WARN_UNUSED_FUNCTION = YES;
				GCC_WARN_UNUSED_VARIABLE = YES;
				IPHONEOS_DEPLOYMENT_TARGET = 17.0;
				MTL_ENABLE_DEBUG_INFO = NO;
				MTL_FAST_MATH = YES;
				PRODUCT_NAME = "$(TARGET_NAME)";
				SDKROOT = iphoneos;
				SWIFT_COMPILATION_MODE = wholemodule;
				SWIFT_OPTIMIZATION_LEVEL = "-O";
				SWIFT_VERSION = 5.0;
			};
			name = Release;
		};
		FB1B1322F885A319C9CC2537 /* Release */ = {
			isa = XCBuildConfiguration;
			buildSettings = {
				BUNDLE_LOADER = "$(TEST_HOST)";
				CODE_SIGNING_ALLOWED = NO;
				IPHONEOS_DEPLOYMENT_TARGET = 17.0;
				LD_RUNPATH_SEARCH_PATHS = (
					"$(inherited)",
					"@executable_path/Frameworks",
					"@loader_path/Frameworks",
				);
				PRODUCT_BUNDLE_IDENTIFIER = com.karsai.NativReadTests;
				SDKROOT = iphoneos;
				TARGETED_DEVICE_FAMILY = "1,2";
				TEST_HOST = "$(BUILT_PRODUCTS_DIR)/NativRead.app/NativRead";
			};
			name = Release;
		};
/* End XCBuildConfiguration section */

/* Begin XCConfigurationList section */
		4A904A66A0C17B4FCE47B972 /* Build configuration list for PBXNativeTarget "NativReadTests" */ = {
			isa = XCConfigurationList;
			buildConfigurations = (
				6260D1BF96D6AF99F54363F8 /* Debug */,
				FB1B1322F885A319C9CC2537 /* Release */,
			);
			defaultConfigurationIsVisible = 0;
			defaultConfigurationName = Debug;
		};
		D42F44A941A905F5796E9DBA /* Build configuration list for PBXNativeTarget "NativReadUITests" */ = {
			isa = XCConfigurationList;
			buildConfigurations = (
				3000B74A2264A97857AA6343 /* Debug */,
				10E6E11DE2D83F18326DC50F /* Release */,
			);
			defaultConfigurationIsVisible = 0;
			defaultConfigurationName = Debug;
		};
		DABE2DACA09777841A967F86 /* Build configuration list for PBXNativeTarget "NativRead" */ = {
			isa = XCConfigurationList;
			buildConfigurations = (
				930B83E0CB8F20483E2243D5 /* Debug */,
				78D8D17BA06BF9539DF2DACB /* Release */,
			);
			defaultConfigurationIsVisible = 0;
			defaultConfigurationName = Debug;
		};
		F660E99128801150A393208C /* Build configuration list for PBXProject "NativRead" */ = {
			isa = XCConfigurationList;
			buildConfigurations = (
				CD8D14610352FA2137D11582 /* Debug */,
				E4F50D1BF4A6E357BCC465A1 /* Release */,
			);
			defaultConfigurationIsVisible = 0;
			defaultConfigurationName = Debug;
		};
/* End XCConfigurationList section */

/* Begin XCRemoteSwiftPackageReference section */
		67B0138FF883B0FEDD85D4C7 /* XCRemoteSwiftPackageReference "ZIPFoundation" */ = {
			isa = XCRemoteSwiftPackageReference;
			repositoryURL = "https://github.com/weichsel/ZIPFoundation";
			requirement = {
				kind = upToNextMajorVersion;
				minimumVersion = 0.9.19;
			};
		};
/* End XCRemoteSwiftPackageReference section */

/* Begin XCSwiftPackageProductDependency section */
		053C8F4DEE72AB804CB55AE7 /* ZIPFoundation */ = {
			isa = XCSwiftPackageProductDependency;
			package = 67B0138FF883B0FEDD85D4C7 /* XCRemoteSwiftPackageReference "ZIPFoundation" */;
			productName = ZIPFoundation;
		};
/* End XCSwiftPackageProductDependency section */
	};
	rootObject = B641C90DB18E13BD3695FDF2 /* Project object */;
}
